// !$*UTF8*$!
{
	archiveVersion = 1;
	classes = {
	};
	objectVersion = 56;
	objects = {

/* Begin PBXBuildFile section */
		822D4C7D2BCEEB590077EF49 /* BookmarkCellView.swift in Sources */ = {isa = PBXBuildFile; fileRef = 822D4C7C2BCEEB590077EF49 /* BookmarkCellView.swift */; };
		824414F82B9C6D3400E0C624 /* ImageConstants.swift in Sources */ = {isa = PBXBuildFile; fileRef = 824414F72B9C6D3400E0C624 /* ImageConstants.swift */; };
		824414FA2B9C6EF100E0C624 /* Localizable.xcstrings in Resources */ = {isa = PBXBuildFile; fileRef = 824414F92B9C6EF100E0C624 /* Localizable.xcstrings */; };
		824415002B9C7A1800E0C624 /* LoginViewState.swift in Sources */ = {isa = PBXBuildFile; fileRef = 824414FF2B9C7A1800E0C624 /* LoginViewState.swift */; };
		824415032B9C7A6C00E0C624 /* LoginPresenter.swift in Sources */ = {isa = PBXBuildFile; fileRef = 824415022B9C7A6C00E0C624 /* LoginPresenter.swift */; };
		824415062B9C7AA800E0C624 /* LoginAssembler.swift in Sources */ = {isa = PBXBuildFile; fileRef = 824415052B9C7AA800E0C624 /* LoginAssembler.swift */; };
		8244150E2B9D290100E0C624 /* NetworkUtils.swift in Sources */ = {isa = PBXBuildFile; fileRef = 8244150D2B9D290100E0C624 /* NetworkUtils.swift */; };
		824415102B9D29BA00E0C624 /* NetworkReachability.swift in Sources */ = {isa = PBXBuildFile; fileRef = 8244150F2B9D29BA00E0C624 /* NetworkReachability.swift */; };
		824415132B9D2B0A00E0C624 /* CommonUtils.swift in Sources */ = {isa = PBXBuildFile; fileRef = 824415122B9D2B0A00E0C624 /* CommonUtils.swift */; };
		824415162B9D2C1800E0C624 /* Logger+Extensions.swift in Sources */ = {isa = PBXBuildFile; fileRef = 824415152B9D2C1800E0C624 /* Logger+Extensions.swift */; };
		8244151A2B9DB9A800E0C624 /* Usecase.swift in Sources */ = {isa = PBXBuildFile; fileRef = 824415192B9DB9A800E0C624 /* Usecase.swift */; };
		8244151C2B9DC11C00E0C624 /* LError.swift in Sources */ = {isa = PBXBuildFile; fileRef = 8244151B2B9DC11C00E0C624 /* LError.swift */; };
		8244151F2B9DC68200E0C624 /* GetCSRFTokenUsecase.swift in Sources */ = {isa = PBXBuildFile; fileRef = 8244151E2B9DC68200E0C624 /* GetCSRFTokenUsecase.swift */; };
		824415222B9DC70100E0C624 /* GetCSRFTokenDataManager.swift in Sources */ = {isa = PBXBuildFile; fileRef = 824415212B9DC70100E0C624 /* GetCSRFTokenDataManager.swift */; };
		824415242B9DC84B00E0C624 /* CSRFToken.swift in Sources */ = {isa = PBXBuildFile; fileRef = 824415232B9DC84B00E0C624 /* CSRFToken.swift */; };
		824415272B9DC8D900E0C624 /* GetCSRFTokenNetworkService.swift in Sources */ = {isa = PBXBuildFile; fileRef = 824415262B9DC8D900E0C624 /* GetCSRFTokenNetworkService.swift */; };
		824415292B9DC97700E0C624 /* NetworkServiceContract.swift in Sources */ = {isa = PBXBuildFile; fileRef = 824415282B9DC97700E0C624 /* NetworkServiceContract.swift */; };
		8244152B2B9DCC3300E0C624 /* NetworkManager.swift in Sources */ = {isa = PBXBuildFile; fileRef = 8244152A2B9DCC3300E0C624 /* NetworkManager.swift */; };
		8244152E2B9DCC7F00E0C624 /* UserDefaultsManager.swift in Sources */ = {isa = PBXBuildFile; fileRef = 8244152D2B9DCC7F00E0C624 /* UserDefaultsManager.swift */; };
		824415302B9DD24D00E0C624 /* UserDefaultsKeys.swift in Sources */ = {isa = PBXBuildFile; fileRef = 8244152F2B9DD24D00E0C624 /* UserDefaultsKeys.swift */; };
		824415322B9DD98F00E0C624 /* APIResponseConstants.swift in Sources */ = {isa = PBXBuildFile; fileRef = 824415312B9DD98F00E0C624 /* APIResponseConstants.swift */; };
		829101262BBDCD8000AA25F1 /* OfflineView.swift in Sources */ = {isa = PBXBuildFile; fileRef = 829101252BBDCD8000AA25F1 /* OfflineView.swift */; };
		8295811B2BAF6FF7003162CE /* SessionToken.swift in Sources */ = {isa = PBXBuildFile; fileRef = 8295811A2BAF6FF7003162CE /* SessionToken.swift */; };
		829581232BB01F0D003162CE /* LinkwardenAppState.swift in Sources */ = {isa = PBXBuildFile; fileRef = 829581222BB01F0D003162CE /* LinkwardenAppState.swift */; };
		829581282BB02DF6003162CE /* HomepageView.swift in Sources */ = {isa = PBXBuildFile; fileRef = 829581272BB02DF6003162CE /* HomepageView.swift */; };
		8295812D2BB042A0003162CE /* GetSessionDetailsNetworkService.swift in Sources */ = {isa = PBXBuildFile; fileRef = 8295812C2BB042A0003162CE /* GetSessionDetailsNetworkService.swift */; };
		829581302BB042FF003162CE /* SessionDetail.swift in Sources */ = {isa = PBXBuildFile; fileRef = 8295812F2BB042FF003162CE /* SessionDetail.swift */; };
		829581322BB04544003162CE /* GetSessionDetailDataManager.swift in Sources */ = {isa = PBXBuildFile; fileRef = 829581312BB04544003162CE /* GetSessionDetailDataManager.swift */; };
		829581342BB045D7003162CE /* GetSessionDetailUsecase.swift in Sources */ = {isa = PBXBuildFile; fileRef = 829581332BB045D7003162CE /* GetSessionDetailUsecase.swift */; };
		829581372BB04744003162CE /* LinkwardenAssembler.swift in Sources */ = {isa = PBXBuildFile; fileRef = 829581362BB04744003162CE /* LinkwardenAssembler.swift */; };
		82A85A6B2BB96B5A00F4FFA6 /* AppState.swift in Sources */ = {isa = PBXBuildFile; fileRef = 82A85A6A2BB96B5A00F4FFA6 /* AppState.swift */; };
		82A85A6E2BB96BDA00F4FFA6 /* DateTimeManager.swift in Sources */ = {isa = PBXBuildFile; fileRef = 82A85A6D2BB96BDA00F4FFA6 /* DateTimeManager.swift */; };
		82A85A702BB96D6200F4FFA6 /* AppConstants.swift in Sources */ = {isa = PBXBuildFile; fileRef = 82A85A6F2BB96D6200F4FFA6 /* AppConstants.swift */; };
		82A85A742BB9744F00F4FFA6 /* Linkwarden.xcdatamodeld in Sources */ = {isa = PBXBuildFile; fileRef = 82A85A722BB9744F00F4FFA6 /* Linkwarden.xcdatamodeld */; };
		82A85A762BB9756300F4FFA6 /* DataManager.swift in Sources */ = {isa = PBXBuildFile; fileRef = 82A85A752BB9756300F4FFA6 /* DataManager.swift */; };
		82A85A792BB98BFD00F4FFA6 /* Session+Extension.swift in Sources */ = {isa = PBXBuildFile; fileRef = 82A85A782BB98BFD00F4FFA6 /* Session+Extension.swift */; };
		82C23E202BA0E00C00280ADC /* AuthenticateUserCredentialsUsecase.swift in Sources */ = {isa = PBXBuildFile; fileRef = 82C23E1F2BA0E00C00280ADC /* AuthenticateUserCredentialsUsecase.swift */; };
		82C23E222BA0E02200280ADC /* AuthenticateUserCredentialsNetworkService.swift in Sources */ = {isa = PBXBuildFile; fileRef = 82C23E212BA0E02200280ADC /* AuthenticateUserCredentialsNetworkService.swift */; };
		82C23E242BA0E03C00280ADC /* AuthenticateUserCredentialsDataManager.swift in Sources */ = {isa = PBXBuildFile; fileRef = 82C23E232BA0E03C00280ADC /* AuthenticateUserCredentialsDataManager.swift */; };
		82C3591F2B9C371A009A3294 /* LinkwardenApp.swift in Sources */ = {isa = PBXBuildFile; fileRef = 82C3591E2B9C371A009A3294 /* LinkwardenApp.swift */; };
		82C359212B9C371A009A3294 /* LoginPageView.swift in Sources */ = {isa = PBXBuildFile; fileRef = 82C359202B9C371A009A3294 /* LoginPageView.swift */; };
		82C359232B9C371B009A3294 /* Assets.xcassets in Resources */ = {isa = PBXBuildFile; fileRef = 82C359222B9C371B009A3294 /* Assets.xcassets */; };
		82C359262B9C371B009A3294 /* Preview Assets.xcassets in Resources */ = {isa = PBXBuildFile; fileRef = 82C359252B9C371B009A3294 /* Preview Assets.xcassets */; };
		82C359302B9C3ADC009A3294 /* ThemeManager.swift in Sources */ = {isa = PBXBuildFile; fileRef = 82C3592F2B9C3ADC009A3294 /* ThemeManager.swift */; };
		82D1360F2BD2880500A48CD2 /* BookmarksViewState.swift in Sources */ = {isa = PBXBuildFile; fileRef = 82D1360E2BD2880500A48CD2 /* BookmarksViewState.swift */; };
		82D136112BD2886500A48CD2 /* BookmarksPresenter.swift in Sources */ = {isa = PBXBuildFile; fileRef = 82D136102BD2886500A48CD2 /* BookmarksPresenter.swift */; };
		82D136142BD2897200A48CD2 /* GetBookmarksUsecase.swift in Sources */ = {isa = PBXBuildFile; fileRef = 82D136132BD2897200A48CD2 /* GetBookmarksUsecase.swift */; };
		82D136162BD2898000A48CD2 /* GetBookmarksNetworkService.swift in Sources */ = {isa = PBXBuildFile; fileRef = 82D136152BD2898000A48CD2 /* GetBookmarksNetworkService.swift */; };
		82D136182BD2898C00A48CD2 /* GetBookmarksDataManager.swift in Sources */ = {isa = PBXBuildFile; fileRef = 82D136172BD2898C00A48CD2 /* GetBookmarksDataManager.swift */; };
		82D1361B2BD28A1900A48CD2 /* BookmarksModel.swift in Sources */ = {isa = PBXBuildFile; fileRef = 82D1361A2BD28A1900A48CD2 /* BookmarksModel.swift */; };
		82D1361E2BD28C2100A48CD2 /* TagsModel.swift in Sources */ = {isa = PBXBuildFile; fileRef = 82D1361D2BD28C2100A48CD2 /* TagsModel.swift */; };
		82D136202BD2914F00A48CD2 /* Bookmark.swift in Sources */ = {isa = PBXBuildFile; fileRef = 82D1361F2BD2914F00A48CD2 /* Bookmark.swift */; };
		82D136222BD294E800A48CD2 /* BookmarksAssembler.swift in Sources */ = {isa = PBXBuildFile; fileRef = 82D136212BD294E800A48CD2 /* BookmarksAssembler.swift */; };
		82D136252BD2989300A48CD2 /* BookmarksConvertor.swift in Sources */ = {isa = PBXBuildFile; fileRef = 82D136242BD2989300A48CD2 /* BookmarksConvertor.swift */; };
		82D136272BD2D56B00A48CD2 /* GetAllBookmarksPreviewUsecase.swift in Sources */ = {isa = PBXBuildFile; fileRef = 82D136262BD2D56B00A48CD2 /* GetAllBookmarksPreviewUsecase.swift */; };
		82D136292BD2DC1800A48CD2 /* GetBookmarkPreviewNetworkService.swift in Sources */ = {isa = PBXBuildFile; fileRef = 82D136282BD2DC1800A48CD2 /* GetBookmarkPreviewNetworkService.swift */; };
		82D1362B2BD2E09A00A48CD2 /* GetBookmarkPreviewDataManager.swift in Sources */ = {isa = PBXBuildFile; fileRef = 82D1362A2BD2E09A00A48CD2 /* GetBookmarkPreviewDataManager.swift */; };
		82D1362D2BD2E1BA00A48CD2 /* GetBookmarkPreviewUsecase.swift in Sources */ = {isa = PBXBuildFile; fileRef = 82D1362C2BD2E1BA00A48CD2 /* GetBookmarkPreviewUsecase.swift */; };
		82D3D4192BB9DBA9000722BF /* Validator.swift in Sources */ = {isa = PBXBuildFile; fileRef = 82D3D4182BB9DBA9000722BF /* Validator.swift */; };
		82DECC3E2BC3E6D2000ABBF2 /* ToastManager in Frameworks */ = {isa = PBXBuildFile; productRef = 82DECC3D2BC3E6D2000ABBF2 /* ToastManager */; };
		82DECC412BC3E6DA000ABBF2 /* APIManager in Frameworks */ = {isa = PBXBuildFile; productRef = 82DECC402BC3E6DA000ABBF2 /* APIManager */; };
		82F78E8E2BBB1BDB000E73D3 /* TabBarView.swift in Sources */ = {isa = PBXBuildFile; fileRef = 82F78E8D2BBB1BDB000E73D3 /* TabBarView.swift */; };
		82F78E952BBB305E000E73D3 /* TabViewState.swift in Sources */ = {isa = PBXBuildFile; fileRef = 82F78E942BBB305E000E73D3 /* TabViewState.swift */; };
		82F78E972BBB3079000E73D3 /* TabViewPresenter.swift in Sources */ = {isa = PBXBuildFile; fileRef = 82F78E962BBB3079000E73D3 /* TabViewPresenter.swift */; };
		82F78E992BBB3126000E73D3 /* TabBarAssembler.swift in Sources */ = {isa = PBXBuildFile; fileRef = 82F78E982BBB3126000E73D3 /* TabBarAssembler.swift */; };
		82F78E9C2BBB31FC000E73D3 /* Module.swift in Sources */ = {isa = PBXBuildFile; fileRef = 82F78E9B2BBB31FC000E73D3 /* Module.swift */; };
		82F78EA32BBB3892000E73D3 /* CollectionsView.swift in Sources */ = {isa = PBXBuildFile; fileRef = 82F78EA22BBB3892000E73D3 /* CollectionsView.swift */; };
		82F78EA52BBB389B000E73D3 /* BookmarksView.swift in Sources */ = {isa = PBXBuildFile; fileRef = 82F78EA42BBB389B000E73D3 /* BookmarksView.swift */; };
		82F78EA72BBB38A2000E73D3 /* TagsView.swift in Sources */ = {isa = PBXBuildFile; fileRef = 82F78EA62BBB38A2000E73D3 /* TagsView.swift */; };
		82F78EA92BBB38AA000E73D3 /* FavouritesView.swift in Sources */ = {isa = PBXBuildFile; fileRef = 82F78EA82BBB38AA000E73D3 /* FavouritesView.swift */; };
		82F78EAB2BBB38B1000E73D3 /* SettingsView.swift in Sources */ = {isa = PBXBuildFile; fileRef = 82F78EAA2BBB38B1000E73D3 /* SettingsView.swift */; };
/* End PBXBuildFile section */

/* Begin PBXFileReference section */
		822D4C7C2BCEEB590077EF49 /* BookmarkCellView.swift */ = {isa = PBXFileReference; lastKnownFileType = sourcecode.swift; path = BookmarkCellView.swift; sourceTree = "<group>"; };
		824414F72B9C6D3400E0C624 /* ImageConstants.swift */ = {isa = PBXFileReference; lastKnownFileType = sourcecode.swift; path = ImageConstants.swift; sourceTree = "<group>"; };
		824414F92B9C6EF100E0C624 /* Localizable.xcstrings */ = {isa = PBXFileReference; lastKnownFileType = text.json.xcstrings; path = Localizable.xcstrings; sourceTree = "<group>"; };
		824414FF2B9C7A1800E0C624 /* LoginViewState.swift */ = {isa = PBXFileReference; lastKnownFileType = sourcecode.swift; path = LoginViewState.swift; sourceTree = "<group>"; };
		824415022B9C7A6C00E0C624 /* LoginPresenter.swift */ = {isa = PBXFileReference; lastKnownFileType = sourcecode.swift; path = LoginPresenter.swift; sourceTree = "<group>"; };
		824415052B9C7AA800E0C624 /* LoginAssembler.swift */ = {isa = PBXFileReference; lastKnownFileType = sourcecode.swift; path = LoginAssembler.swift; sourceTree = "<group>"; };
		8244150D2B9D290100E0C624 /* NetworkUtils.swift */ = {isa = PBXFileReference; lastKnownFileType = sourcecode.swift; path = NetworkUtils.swift; sourceTree = "<group>"; };
		8244150F2B9D29BA00E0C624 /* NetworkReachability.swift */ = {isa = PBXFileReference; lastKnownFileType = sourcecode.swift; path = NetworkReachability.swift; sourceTree = "<group>"; };
		824415122B9D2B0A00E0C624 /* CommonUtils.swift */ = {isa = PBXFileReference; lastKnownFileType = sourcecode.swift; path = CommonUtils.swift; sourceTree = "<group>"; };
		824415152B9D2C1800E0C624 /* Logger+Extensions.swift */ = {isa = PBXFileReference; lastKnownFileType = sourcecode.swift; path = "Logger+Extensions.swift"; sourceTree = "<group>"; };
		824415192B9DB9A800E0C624 /* Usecase.swift */ = {isa = PBXFileReference; lastKnownFileType = sourcecode.swift; path = Usecase.swift; sourceTree = "<group>"; };
		8244151B2B9DC11C00E0C624 /* LError.swift */ = {isa = PBXFileReference; lastKnownFileType = sourcecode.swift; path = LError.swift; sourceTree = "<group>"; };
		8244151E2B9DC68200E0C624 /* GetCSRFTokenUsecase.swift */ = {isa = PBXFileReference; lastKnownFileType = sourcecode.swift; path = GetCSRFTokenUsecase.swift; sourceTree = "<group>"; };
		824415212B9DC70100E0C624 /* GetCSRFTokenDataManager.swift */ = {isa = PBXFileReference; lastKnownFileType = sourcecode.swift; path = GetCSRFTokenDataManager.swift; sourceTree = "<group>"; };
		824415232B9DC84B00E0C624 /* CSRFToken.swift */ = {isa = PBXFileReference; lastKnownFileType = sourcecode.swift; path = CSRFToken.swift; sourceTree = "<group>"; };
		824415262B9DC8D900E0C624 /* GetCSRFTokenNetworkService.swift */ = {isa = PBXFileReference; lastKnownFileType = sourcecode.swift; path = GetCSRFTokenNetworkService.swift; sourceTree = "<group>"; };
		824415282B9DC97700E0C624 /* NetworkServiceContract.swift */ = {isa = PBXFileReference; lastKnownFileType = sourcecode.swift; path = NetworkServiceContract.swift; sourceTree = "<group>"; };
		8244152A2B9DCC3300E0C624 /* NetworkManager.swift */ = {isa = PBXFileReference; lastKnownFileType = sourcecode.swift; path = NetworkManager.swift; sourceTree = "<group>"; };
		8244152D2B9DCC7F00E0C624 /* UserDefaultsManager.swift */ = {isa = PBXFileReference; lastKnownFileType = sourcecode.swift; path = UserDefaultsManager.swift; sourceTree = "<group>"; };
		8244152F2B9DD24D00E0C624 /* UserDefaultsKeys.swift */ = {isa = PBXFileReference; lastKnownFileType = sourcecode.swift; path = UserDefaultsKeys.swift; sourceTree = "<group>"; };
		824415312B9DD98F00E0C624 /* APIResponseConstants.swift */ = {isa = PBXFileReference; lastKnownFileType = sourcecode.swift; path = APIResponseConstants.swift; sourceTree = "<group>"; };
		829101252BBDCD8000AA25F1 /* OfflineView.swift */ = {isa = PBXFileReference; lastKnownFileType = sourcecode.swift; path = OfflineView.swift; sourceTree = "<group>"; };
		8295811A2BAF6FF7003162CE /* SessionToken.swift */ = {isa = PBXFileReference; lastKnownFileType = sourcecode.swift; path = SessionToken.swift; sourceTree = "<group>"; };
		829581222BB01F0D003162CE /* LinkwardenAppState.swift */ = {isa = PBXFileReference; lastKnownFileType = sourcecode.swift; path = LinkwardenAppState.swift; sourceTree = "<group>"; };
		829581272BB02DF6003162CE /* HomepageView.swift */ = {isa = PBXFileReference; lastKnownFileType = sourcecode.swift; path = HomepageView.swift; sourceTree = "<group>"; };
		8295812C2BB042A0003162CE /* GetSessionDetailsNetworkService.swift */ = {isa = PBXFileReference; lastKnownFileType = sourcecode.swift; path = GetSessionDetailsNetworkService.swift; sourceTree = "<group>"; };
		8295812F2BB042FF003162CE /* SessionDetail.swift */ = {isa = PBXFileReference; lastKnownFileType = sourcecode.swift; path = SessionDetail.swift; sourceTree = "<group>"; };
		829581312BB04544003162CE /* GetSessionDetailDataManager.swift */ = {isa = PBXFileReference; lastKnownFileType = sourcecode.swift; path = GetSessionDetailDataManager.swift; sourceTree = "<group>"; };
		829581332BB045D7003162CE /* GetSessionDetailUsecase.swift */ = {isa = PBXFileReference; lastKnownFileType = sourcecode.swift; path = GetSessionDetailUsecase.swift; sourceTree = "<group>"; };
		829581362BB04744003162CE /* LinkwardenAssembler.swift */ = {isa = PBXFileReference; lastKnownFileType = sourcecode.swift; path = LinkwardenAssembler.swift; sourceTree = "<group>"; };
		82A85A682BB960FF00F4FFA6 /* Info.plist */ = {isa = PBXFileReference; lastKnownFileType = text.plist; path = Info.plist; sourceTree = "<group>"; };
		82A85A6A2BB96B5A00F4FFA6 /* AppState.swift */ = {isa = PBXFileReference; lastKnownFileType = sourcecode.swift; path = AppState.swift; sourceTree = "<group>"; };
		82A85A6D2BB96BDA00F4FFA6 /* DateTimeManager.swift */ = {isa = PBXFileReference; lastKnownFileType = sourcecode.swift; path = DateTimeManager.swift; sourceTree = "<group>"; };
		82A85A6F2BB96D6200F4FFA6 /* AppConstants.swift */ = {isa = PBXFileReference; lastKnownFileType = sourcecode.swift; path = AppConstants.swift; sourceTree = "<group>"; };
		82A85A732BB9744F00F4FFA6 /* UserDetails.xcdatamodel */ = {isa = PBXFileReference; lastKnownFileType = wrapper.xcdatamodel; path = UserDetails.xcdatamodel; sourceTree = "<group>"; };
		82A85A752BB9756300F4FFA6 /* DataManager.swift */ = {isa = PBXFileReference; lastKnownFileType = sourcecode.swift; path = DataManager.swift; sourceTree = "<group>"; };
		82A85A782BB98BFD00F4FFA6 /* Session+Extension.swift */ = {isa = PBXFileReference; lastKnownFileType = sourcecode.swift; path = "Session+Extension.swift"; sourceTree = "<group>"; };
		82C23E1F2BA0E00C00280ADC /* AuthenticateUserCredentialsUsecase.swift */ = {isa = PBXFileReference; lastKnownFileType = sourcecode.swift; path = AuthenticateUserCredentialsUsecase.swift; sourceTree = "<group>"; };
		82C23E212BA0E02200280ADC /* AuthenticateUserCredentialsNetworkService.swift */ = {isa = PBXFileReference; lastKnownFileType = sourcecode.swift; path = AuthenticateUserCredentialsNetworkService.swift; sourceTree = "<group>"; };
		82C23E232BA0E03C00280ADC /* AuthenticateUserCredentialsDataManager.swift */ = {isa = PBXFileReference; lastKnownFileType = sourcecode.swift; path = AuthenticateUserCredentialsDataManager.swift; sourceTree = "<group>"; };
		82C3591B2B9C371A009A3294 /* Linkwarden.app */ = {isa = PBXFileReference; explicitFileType = wrapper.application; includeInIndex = 0; path = Linkwarden.app; sourceTree = BUILT_PRODUCTS_DIR; };
		82C3591E2B9C371A009A3294 /* LinkwardenApp.swift */ = {isa = PBXFileReference; lastKnownFileType = sourcecode.swift; path = LinkwardenApp.swift; sourceTree = "<group>"; };
		82C359202B9C371A009A3294 /* LoginPageView.swift */ = {isa = PBXFileReference; lastKnownFileType = sourcecode.swift; path = LoginPageView.swift; sourceTree = "<group>"; };
		82C359222B9C371B009A3294 /* Assets.xcassets */ = {isa = PBXFileReference; lastKnownFileType = folder.assetcatalog; path = Assets.xcassets; sourceTree = "<group>"; };
		82C359252B9C371B009A3294 /* Preview Assets.xcassets */ = {isa = PBXFileReference; lastKnownFileType = folder.assetcatalog; path = "Preview Assets.xcassets"; sourceTree = "<group>"; };
		82C3592F2B9C3ADC009A3294 /* ThemeManager.swift */ = {isa = PBXFileReference; lastKnownFileType = sourcecode.swift; path = ThemeManager.swift; sourceTree = "<group>"; };
		82D1360E2BD2880500A48CD2 /* BookmarksViewState.swift */ = {isa = PBXFileReference; lastKnownFileType = sourcecode.swift; path = BookmarksViewState.swift; sourceTree = "<group>"; };
		82D136102BD2886500A48CD2 /* BookmarksPresenter.swift */ = {isa = PBXFileReference; lastKnownFileType = sourcecode.swift; path = BookmarksPresenter.swift; sourceTree = "<group>"; };
		82D136132BD2897200A48CD2 /* GetBookmarksUsecase.swift */ = {isa = PBXFileReference; lastKnownFileType = sourcecode.swift; path = GetBookmarksUsecase.swift; sourceTree = "<group>"; };
		82D136152BD2898000A48CD2 /* GetBookmarksNetworkService.swift */ = {isa = PBXFileReference; lastKnownFileType = sourcecode.swift; path = GetBookmarksNetworkService.swift; sourceTree = "<group>"; };
		82D136172BD2898C00A48CD2 /* GetBookmarksDataManager.swift */ = {isa = PBXFileReference; lastKnownFileType = sourcecode.swift; path = GetBookmarksDataManager.swift; sourceTree = "<group>"; };
		82D1361A2BD28A1900A48CD2 /* BookmarksModel.swift */ = {isa = PBXFileReference; lastKnownFileType = sourcecode.swift; path = BookmarksModel.swift; sourceTree = "<group>"; };
		82D1361D2BD28C2100A48CD2 /* TagsModel.swift */ = {isa = PBXFileReference; lastKnownFileType = sourcecode.swift; path = TagsModel.swift; sourceTree = "<group>"; };
		82D1361F2BD2914F00A48CD2 /* Bookmark.swift */ = {isa = PBXFileReference; lastKnownFileType = sourcecode.swift; path = Bookmark.swift; sourceTree = "<group>"; };
		82D136212BD294E800A48CD2 /* BookmarksAssembler.swift */ = {isa = PBXFileReference; lastKnownFileType = sourcecode.swift; path = BookmarksAssembler.swift; sourceTree = "<group>"; };
		82D136242BD2989300A48CD2 /* BookmarksConvertor.swift */ = {isa = PBXFileReference; lastKnownFileType = sourcecode.swift; path = BookmarksConvertor.swift; sourceTree = "<group>"; };
		82D136262BD2D56B00A48CD2 /* GetAllBookmarksPreviewUsecase.swift */ = {isa = PBXFileReference; lastKnownFileType = sourcecode.swift; path = GetAllBookmarksPreviewUsecase.swift; sourceTree = "<group>"; };
		82D136282BD2DC1800A48CD2 /* GetBookmarkPreviewNetworkService.swift */ = {isa = PBXFileReference; lastKnownFileType = sourcecode.swift; path = GetBookmarkPreviewNetworkService.swift; sourceTree = "<group>"; };
		82D1362A2BD2E09A00A48CD2 /* GetBookmarkPreviewDataManager.swift */ = {isa = PBXFileReference; lastKnownFileType = sourcecode.swift; path = GetBookmarkPreviewDataManager.swift; sourceTree = "<group>"; };
		82D1362C2BD2E1BA00A48CD2 /* GetBookmarkPreviewUsecase.swift */ = {isa = PBXFileReference; lastKnownFileType = sourcecode.swift; path = GetBookmarkPreviewUsecase.swift; sourceTree = "<group>"; };
		82D3D4182BB9DBA9000722BF /* Validator.swift */ = {isa = PBXFileReference; lastKnownFileType = sourcecode.swift; path = Validator.swift; sourceTree = "<group>"; };
		82F78E8D2BBB1BDB000E73D3 /* TabBarView.swift */ = {isa = PBXFileReference; lastKnownFileType = sourcecode.swift; path = TabBarView.swift; sourceTree = "<group>"; };
		82F78E942BBB305E000E73D3 /* TabViewState.swift */ = {isa = PBXFileReference; lastKnownFileType = sourcecode.swift; path = TabViewState.swift; sourceTree = "<group>"; };
		82F78E962BBB3079000E73D3 /* TabViewPresenter.swift */ = {isa = PBXFileReference; lastKnownFileType = sourcecode.swift; path = TabViewPresenter.swift; sourceTree = "<group>"; };
		82F78E982BBB3126000E73D3 /* TabBarAssembler.swift */ = {isa = PBXFileReference; lastKnownFileType = sourcecode.swift; path = TabBarAssembler.swift; sourceTree = "<group>"; };
		82F78E9B2BBB31FC000E73D3 /* Module.swift */ = {isa = PBXFileReference; lastKnownFileType = sourcecode.swift; path = Module.swift; sourceTree = "<group>"; };
		82F78EA22BBB3892000E73D3 /* CollectionsView.swift */ = {isa = PBXFileReference; lastKnownFileType = sourcecode.swift; path = CollectionsView.swift; sourceTree = "<group>"; };
		82F78EA42BBB389B000E73D3 /* BookmarksView.swift */ = {isa = PBXFileReference; lastKnownFileType = sourcecode.swift; path = BookmarksView.swift; sourceTree = "<group>"; };
		82F78EA62BBB38A2000E73D3 /* TagsView.swift */ = {isa = PBXFileReference; lastKnownFileType = sourcecode.swift; path = TagsView.swift; sourceTree = "<group>"; };
		82F78EA82BBB38AA000E73D3 /* FavouritesView.swift */ = {isa = PBXFileReference; lastKnownFileType = sourcecode.swift; path = FavouritesView.swift; sourceTree = "<group>"; };
		82F78EAA2BBB38B1000E73D3 /* SettingsView.swift */ = {isa = PBXFileReference; lastKnownFileType = sourcecode.swift; path = SettingsView.swift; sourceTree = "<group>"; };
/* End PBXFileReference section */

/* Begin PBXFrameworksBuildPhase section */
		82C359182B9C371A009A3294 /* Frameworks */ = {
			isa = PBXFrameworksBuildPhase;
			buildActionMask = 2147483647;
			files = (
				82DECC3E2BC3E6D2000ABBF2 /* ToastManager in Frameworks */,
				82DECC412BC3E6DA000ABBF2 /* APIManager in Frameworks */,
			);
			runOnlyForDeploymentPostprocessing = 0;
		};
/* End PBXFrameworksBuildPhase section */

/* Begin PBXGroup section */
		824414F62B9C6D1E00E0C624 /* ImageManager */ = {
			isa = PBXGroup;
			children = (
				824414F72B9C6D3400E0C624 /* ImageConstants.swift */,
			);
			path = ImageManager;
			sourceTree = "<group>";
		};
		824414FB2B9C715000E0C624 /* Localization */ = {
			isa = PBXGroup;
			children = (
				824414F92B9C6EF100E0C624 /* Localizable.xcstrings */,
			);
			path = Localization;
			sourceTree = "<group>";
		};
		824414FE2B9C7A0300E0C624 /* ViewState */ = {
			isa = PBXGroup;
			children = (
				824414FF2B9C7A1800E0C624 /* LoginViewState.swift */,
			);
			path = ViewState;
			sourceTree = "<group>";
		};
		824415012B9C7A6000E0C624 /* Presenter */ = {
			isa = PBXGroup;
			children = (
				824415022B9C7A6C00E0C624 /* LoginPresenter.swift */,
			);
			path = Presenter;
			sourceTree = "<group>";
		};
		824415042B9C7A9200E0C624 /* Assembler */ = {
			isa = PBXGroup;
			children = (
				824415052B9C7AA800E0C624 /* LoginAssembler.swift */,
			);
			path = Assembler;
			sourceTree = "<group>";
		};
		8244150B2B9D28B900E0C624 /* Utils */ = {
			isa = PBXGroup;
			children = (
				82DECC162BC173CA000ABBF2 /* Views */,
				82F78E9A2BBB31EB000E73D3 /* ModulesList */,
				82D3D4172BB9DB9E000722BF /* Validator */,
				82A85A6C2BB96BC700F4FFA6 /* DateTimeManager */,
				8244152C2B9DCC6E00E0C624 /* UserDefaultsManager */,
				824415142B9D2BFB00E0C624 /* Logger */,
				8244150C2B9D28F100E0C624 /* Network */,
				824414F62B9C6D1E00E0C624 /* ImageManager */,
				82C3592E2B9C3ACE009A3294 /* ThemeManager */,
			);
			path = Utils;
			sourceTree = "<group>";
		};
		8244150C2B9D28F100E0C624 /* Network */ = {
			isa = PBXGroup;
			children = (
				8244150D2B9D290100E0C624 /* NetworkUtils.swift */,
				8244150F2B9D29BA00E0C624 /* NetworkReachability.swift */,
				824415192B9DB9A800E0C624 /* Usecase.swift */,
				824415282B9DC97700E0C624 /* NetworkServiceContract.swift */,
				8244152A2B9DCC3300E0C624 /* NetworkManager.swift */,
				824415312B9DD98F00E0C624 /* APIResponseConstants.swift */,
			);
			path = Network;
			sourceTree = "<group>";
		};
		824415112B9D2AFD00E0C624 /* CommonUtils */ = {
			isa = PBXGroup;
			children = (
				824415122B9D2B0A00E0C624 /* CommonUtils.swift */,
				8244151B2B9DC11C00E0C624 /* LError.swift */,
			);
			path = CommonUtils;
			sourceTree = "<group>";
		};
		824415142B9D2BFB00E0C624 /* Logger */ = {
			isa = PBXGroup;
			children = (
				824415152B9D2C1800E0C624 /* Logger+Extensions.swift */,
			);
			path = Logger;
			sourceTree = "<group>";
		};
		8244151D2B9DC47400E0C624 /* Usecase */ = {
			isa = PBXGroup;
			children = (
				824415252B9DC8C600E0C624 /* NetworkService */,
				824415202B9DC6EC00E0C624 /* DataManager */,
				8244151E2B9DC68200E0C624 /* GetCSRFTokenUsecase.swift */,
				82C23E1F2BA0E00C00280ADC /* AuthenticateUserCredentialsUsecase.swift */,
			);
			path = Usecase;
			sourceTree = "<group>";
		};
		824415202B9DC6EC00E0C624 /* DataManager */ = {
			isa = PBXGroup;
			children = (
				824415212B9DC70100E0C624 /* GetCSRFTokenDataManager.swift */,
				82C23E232BA0E03C00280ADC /* AuthenticateUserCredentialsDataManager.swift */,
			);
			path = DataManager;
			sourceTree = "<group>";
		};
		824415252B9DC8C600E0C624 /* NetworkService */ = {
			isa = PBXGroup;
			children = (
				824415262B9DC8D900E0C624 /* GetCSRFTokenNetworkService.swift */,
				82C23E212BA0E02200280ADC /* AuthenticateUserCredentialsNetworkService.swift */,
			);
			path = NetworkService;
			sourceTree = "<group>";
		};
		8244152C2B9DCC6E00E0C624 /* UserDefaultsManager */ = {
			isa = PBXGroup;
			children = (
				8244152D2B9DCC7F00E0C624 /* UserDefaultsManager.swift */,
				8244152F2B9DD24D00E0C624 /* UserDefaultsKeys.swift */,
			);
			path = UserDefaultsManager;
			sourceTree = "<group>";
		};
		8295811C2BB01ECC003162CE /* App */ = {
			isa = PBXGroup;
			children = (
				829581352BB04738003162CE /* Assembler */,
				8295812E2BB042F2003162CE /* Domain */,
				829581292BB04270003162CE /* Usecase */,
				829581212BB01F00003162CE /* ViewState */,
				8295811D2BB01EDB003162CE /* View */,
			);
			path = App;
			sourceTree = "<group>";
		};
		8295811D2BB01EDB003162CE /* View */ = {
			isa = PBXGroup;
			children = (
				82C3591E2B9C371A009A3294 /* LinkwardenApp.swift */,
			);
			path = View;
			sourceTree = "<group>";
		};
		829581212BB01F00003162CE /* ViewState */ = {
			isa = PBXGroup;
			children = (
				829581222BB01F0D003162CE /* LinkwardenAppState.swift */,
			);
			path = ViewState;
			sourceTree = "<group>";
		};
		829581242BB02DA4003162CE /* Homepage */ = {
			isa = PBXGroup;
			children = (
				829581272BB02DF6003162CE /* HomepageView.swift */,
			);
			path = Homepage;
			sourceTree = "<group>";
		};
		829581292BB04270003162CE /* Usecase */ = {
			isa = PBXGroup;
			children = (
				8295812B2BB0427E003162CE /* NetworkService */,
				8295812A2BB04278003162CE /* DataManager */,
				829581332BB045D7003162CE /* GetSessionDetailUsecase.swift */,
			);
			path = Usecase;
			sourceTree = "<group>";
		};
		8295812A2BB04278003162CE /* DataManager */ = {
			isa = PBXGroup;
			children = (
				829581312BB04544003162CE /* GetSessionDetailDataManager.swift */,
			);
			path = DataManager;
			sourceTree = "<group>";
		};
		8295812B2BB0427E003162CE /* NetworkService */ = {
			isa = PBXGroup;
			children = (
				8295812C2BB042A0003162CE /* GetSessionDetailsNetworkService.swift */,
			);
			path = NetworkService;
			sourceTree = "<group>";
		};
		8295812E2BB042F2003162CE /* Domain */ = {
			isa = PBXGroup;
			children = (
				8295812F2BB042FF003162CE /* SessionDetail.swift */,
			);
			path = Domain;
			sourceTree = "<group>";
		};
		829581352BB04738003162CE /* Assembler */ = {
			isa = PBXGroup;
			children = (
				829581362BB04744003162CE /* LinkwardenAssembler.swift */,
			);
			path = Assembler;
			sourceTree = "<group>";
		};
		82A85A692BB96B3A00F4FFA6 /* AppState */ = {
			isa = PBXGroup;
			children = (
				82A85A6A2BB96B5A00F4FFA6 /* AppState.swift */,
				82A85A6F2BB96D6200F4FFA6 /* AppConstants.swift */,
			);
			path = AppState;
			sourceTree = "<group>";
		};
		82A85A6C2BB96BC700F4FFA6 /* DateTimeManager */ = {
			isa = PBXGroup;
			children = (
				82A85A6D2BB96BDA00F4FFA6 /* DateTimeManager.swift */,
			);
			path = DateTimeManager;
			sourceTree = "<group>";
		};
		82A85A712BB9743D00F4FFA6 /* DataModel */ = {
			isa = PBXGroup;
			children = (
				82A85A772BB98BEF00F4FFA6 /* Session */,
				82A85A722BB9744F00F4FFA6 /* Linkwarden.xcdatamodeld */,
				82A85A752BB9756300F4FFA6 /* DataManager.swift */,
			);
			path = DataModel;
			sourceTree = "<group>";
		};
		82A85A772BB98BEF00F4FFA6 /* Session */ = {
			isa = PBXGroup;
			children = (
				82A85A782BB98BFD00F4FFA6 /* Session+Extension.swift */,
			);
			path = Session;
			sourceTree = "<group>";
		};
		82C359122B9C371A009A3294 = {
			isa = PBXGroup;
			children = (
				82C3591D2B9C371A009A3294 /* Linkwarden */,
				82C3591C2B9C371A009A3294 /* Products */,
			);
			sourceTree = "<group>";
		};
		82C3591C2B9C371A009A3294 /* Products */ = {
			isa = PBXGroup;
			children = (
				82C3591B2B9C371A009A3294 /* Linkwarden.app */,
			);
			name = Products;
			sourceTree = "<group>";
		};
		82C3591D2B9C371A009A3294 /* Linkwarden */ = {
			isa = PBXGroup;
			children = (
				8295811C2BB01ECC003162CE /* App */,
				82A85A692BB96B3A00F4FFA6 /* AppState */,
				82C359222B9C371B009A3294 /* Assets.xcassets */,
				82F78EA02BBB3863000E73D3 /* Bookmarks */,
				82F78EA12BBB3881000E73D3 /* Collections */,
				824415112B9D2AFD00E0C624 /* CommonUtils */,
				82A85A712BB9743D00F4FFA6 /* DataModel */,
				82F78E9E2BBB3853000E73D3 /* Favourites */,
				829581242BB02DA4003162CE /* Homepage */,
				82A85A682BB960FF00F4FFA6 /* Info.plist */,
				824414FB2B9C715000E0C624 /* Localization */,
				82C359312B9C47E6009A3294 /* Login */,
				82C359242B9C371B009A3294 /* Preview Content */,
				82F78E9D2BBB384B000E73D3 /* Settings */,
				82F78E8C2BBB1BB8000E73D3 /* TabView */,
				82F78E9F2BBB385C000E73D3 /* Tags */,
				8244150B2B9D28B900E0C624 /* Utils */,
			);
			path = Linkwarden;
			sourceTree = "<group>";
		};
		82C359242B9C371B009A3294 /* Preview Content */ = {
			isa = PBXGroup;
			children = (
				82C359252B9C371B009A3294 /* Preview Assets.xcassets */,
			);
			path = "Preview Content";
			sourceTree = "<group>";
		};
		82C3592E2B9C3ACE009A3294 /* ThemeManager */ = {
			isa = PBXGroup;
			children = (
				82C3592F2B9C3ADC009A3294 /* ThemeManager.swift */,
			);
			path = ThemeManager;
			sourceTree = "<group>";
		};
		82C359312B9C47E6009A3294 /* Login */ = {
			isa = PBXGroup;
			children = (
				8244151D2B9DC47400E0C624 /* Usecase */,
				824415042B9C7A9200E0C624 /* Assembler */,
				824415012B9C7A6000E0C624 /* Presenter */,
				824414FE2B9C7A0300E0C624 /* ViewState */,
				82C359342B9C481D009A3294 /* Domain */,
				82C359332B9C4814009A3294 /* View */,
			);
			path = Login;
			sourceTree = "<group>";
		};
		82C359332B9C4814009A3294 /* View */ = {
			isa = PBXGroup;
			children = (
				82C359202B9C371A009A3294 /* LoginPageView.swift */,
			);
			path = View;
			sourceTree = "<group>";
		};
		82C359342B9C481D009A3294 /* Domain */ = {
			isa = PBXGroup;
			children = (
				824415232B9DC84B00E0C624 /* CSRFToken.swift */,
				8295811A2BAF6FF7003162CE /* SessionToken.swift */,
			);
			path = Domain;
			sourceTree = "<group>";
		};
		82D136082BD2862400A48CD2 /* Assembler */ = {
			isa = PBXGroup;
			children = (
				82D136212BD294E800A48CD2 /* BookmarksAssembler.swift */,
			);
			path = Assembler;
			sourceTree = "<group>";
		};
		82D136092BD2862900A48CD2 /* Network */ = {
			isa = PBXGroup;
			children = (
				82D136152BD2898000A48CD2 /* GetBookmarksNetworkService.swift */,
				82D136282BD2DC1800A48CD2 /* GetBookmarkPreviewNetworkService.swift */,
			);
			path = Network;
			sourceTree = "<group>";
		};
		82D1360A2BD2862E00A48CD2 /* Usecase */ = {
			isa = PBXGroup;
			children = (
				82D136232BD2987C00A48CD2 /* Convertor */,
				82D136122BD2895800A48CD2 /* DataManager */,
				82D136262BD2D56B00A48CD2 /* GetAllBookmarksPreviewUsecase.swift */,
				82D1362C2BD2E1BA00A48CD2 /* GetBookmarkPreviewUsecase.swift */,
				82D136132BD2897200A48CD2 /* GetBookmarksUsecase.swift */,
				82D136092BD2862900A48CD2 /* Network */,
			);
			path = Usecase;
			sourceTree = "<group>";
		};
		82D1360B2BD2864100A48CD2 /* Presenter */ = {
			isa = PBXGroup;
			children = (
				82D136102BD2886500A48CD2 /* BookmarksPresenter.swift */,
			);
			path = Presenter;
			sourceTree = "<group>";
		};
		82D1360C2BD286CB00A48CD2 /* ViewState */ = {
			isa = PBXGroup;
			children = (
				82D1360E2BD2880500A48CD2 /* BookmarksViewState.swift */,
			);
			path = ViewState;
			sourceTree = "<group>";
		};
		82D1360D2BD286D100A48CD2 /* View */ = {
			isa = PBXGroup;
			children = (
				82F78EA42BBB389B000E73D3 /* BookmarksView.swift */,
				822D4C7C2BCEEB590077EF49 /* BookmarkCellView.swift */,
			);
			path = View;
			sourceTree = "<group>";
		};
		82D136122BD2895800A48CD2 /* DataManager */ = {
			isa = PBXGroup;
			children = (
				82D136172BD2898C00A48CD2 /* GetBookmarksDataManager.swift */,
				82D1362A2BD2E09A00A48CD2 /* GetBookmarkPreviewDataManager.swift */,
			);
			path = DataManager;
			sourceTree = "<group>";
		};
		82D136192BD28A0800A48CD2 /* Domain */ = {
			isa = PBXGroup;
			children = (
				82D1361A2BD28A1900A48CD2 /* BookmarksModel.swift */,
				82D1361F2BD2914F00A48CD2 /* Bookmark.swift */,
			);
			path = Domain;
			sourceTree = "<group>";
		};
		82D1361C2BD28C1100A48CD2 /* Domain */ = {
			isa = PBXGroup;
			children = (
				82D1361D2BD28C2100A48CD2 /* TagsModel.swift */,
			);
			path = Domain;
			sourceTree = "<group>";
		};
		82D136232BD2987C00A48CD2 /* Convertor */ = {
			isa = PBXGroup;
			children = (
				82D136242BD2989300A48CD2 /* BookmarksConvertor.swift */,
			);
			path = Convertor;
			sourceTree = "<group>";
		};
		82D3D4172BB9DB9E000722BF /* Validator */ = {
			isa = PBXGroup;
			children = (
				82D3D4182BB9DBA9000722BF /* Validator.swift */,
			);
			path = Validator;
			sourceTree = "<group>";
		};
		82DECC162BC173CA000ABBF2 /* Views */ = {
			isa = PBXGroup;
			children = (
				829101252BBDCD8000AA25F1 /* OfflineView.swift */,
			);
			path = Views;
			sourceTree = "<group>";
		};
		82F78E8C2BBB1BB8000E73D3 /* TabView */ = {
			isa = PBXGroup;
			children = (
				82F78E932BBB304D000E73D3 /* ViewState */,
				82F78E922BBB2F45000E73D3 /* Presenter */,
				82F78E912BBB1CB4000E73D3 /* View */,
				82F78E902BBB1CA7000E73D3 /* Assembler */,
			);
			path = TabView;
			sourceTree = "<group>";
		};
		82F78E902BBB1CA7000E73D3 /* Assembler */ = {
			isa = PBXGroup;
			children = (
				82F78E982BBB3126000E73D3 /* TabBarAssembler.swift */,
			);
			path = Assembler;
			sourceTree = "<group>";
		};
		82F78E912BBB1CB4000E73D3 /* View */ = {
			isa = PBXGroup;
			children = (
				82F78E8D2BBB1BDB000E73D3 /* TabBarView.swift */,
			);
			path = View;
			sourceTree = "<group>";
		};
		82F78E922BBB2F45000E73D3 /* Presenter */ = {
			isa = PBXGroup;
			children = (
				82F78E962BBB3079000E73D3 /* TabViewPresenter.swift */,
			);
			path = Presenter;
			sourceTree = "<group>";
		};
		82F78E932BBB304D000E73D3 /* ViewState */ = {
			isa = PBXGroup;
			children = (
				82F78E942BBB305E000E73D3 /* TabViewState.swift */,
			);
			path = ViewState;
			sourceTree = "<group>";
		};
		82F78E9A2BBB31EB000E73D3 /* ModulesList */ = {
			isa = PBXGroup;
			children = (
				82F78E9B2BBB31FC000E73D3 /* Module.swift */,
			);
			path = ModulesList;
			sourceTree = "<group>";
		};
		82F78E9D2BBB384B000E73D3 /* Settings */ = {
			isa = PBXGroup;
			children = (
				82F78EAA2BBB38B1000E73D3 /* SettingsView.swift */,
			);
			path = Settings;
			sourceTree = "<group>";
		};
		82F78E9E2BBB3853000E73D3 /* Favourites */ = {
			isa = PBXGroup;
			children = (
				82F78EA82BBB38AA000E73D3 /* FavouritesView.swift */,
			);
			path = Favourites;
			sourceTree = "<group>";
		};
		82F78E9F2BBB385C000E73D3 /* Tags */ = {
			isa = PBXGroup;
			children = (
				82D1361C2BD28C1100A48CD2 /* Domain */,
				82F78EA62BBB38A2000E73D3 /* TagsView.swift */,
			);
			path = Tags;
			sourceTree = "<group>";
		};
		82F78EA02BBB3863000E73D3 /* Bookmarks */ = {
			isa = PBXGroup;
			children = (
				82D136082BD2862400A48CD2 /* Assembler */,
				82D136192BD28A0800A48CD2 /* Domain */,
				82D1360B2BD2864100A48CD2 /* Presenter */,
				82D1360A2BD2862E00A48CD2 /* Usecase */,
				82D1360D2BD286D100A48CD2 /* View */,
				82D1360C2BD286CB00A48CD2 /* ViewState */,
			);
			path = Bookmarks;
			sourceTree = "<group>";
		};
		82F78EA12BBB3881000E73D3 /* Collections */ = {
			isa = PBXGroup;
			children = (
				82F78EA22BBB3892000E73D3 /* CollectionsView.swift */,
			);
			path = Collections;
			sourceTree = "<group>";
		};
/* End PBXGroup section */

/* Begin PBXNativeTarget section */
		82C3591A2B9C371A009A3294 /* Linkwarden */ = {
			isa = PBXNativeTarget;
			buildConfigurationList = 82C359292B9C371B009A3294 /* Build configuration list for PBXNativeTarget "Linkwarden" */;
			buildPhases = (
				82C359172B9C371A009A3294 /* Sources */,
				82C359182B9C371A009A3294 /* Frameworks */,
				82C359192B9C371A009A3294 /* Resources */,
			);
			buildRules = (
			);
			dependencies = (
			);
			name = Linkwarden;
			packageProductDependencies = (
				82DECC3D2BC3E6D2000ABBF2 /* ToastManager */,
				82DECC402BC3E6DA000ABBF2 /* APIManager */,
			);
			productName = Linkwarden;
			productReference = 82C3591B2B9C371A009A3294 /* Linkwarden.app */;
			productType = "com.apple.product-type.application";
		};
/* End PBXNativeTarget section */

/* Begin PBXProject section */
		82C359132B9C371A009A3294 /* Project object */ = {
			isa = PBXProject;
			attributes = {
				BuildIndependentTargetsInParallel = 1;
				LastSwiftUpdateCheck = 1520;
				LastUpgradeCheck = 1520;
				TargetAttributes = {
					82C3591A2B9C371A009A3294 = {
						CreatedOnToolsVersion = 15.2;
					};
				};
			};
			buildConfigurationList = 82C359162B9C371A009A3294 /* Build configuration list for PBXProject "Linkwarden" */;
			compatibilityVersion = "Xcode 14.0";
			developmentRegion = en;
			hasScannedForEncodings = 0;
			knownRegions = (
				en,
				Base,
			);
			mainGroup = 82C359122B9C371A009A3294;
			packageReferences = (
				82DECC3C2BC3E6D2000ABBF2 /* XCRemoteSwiftPackageReference "ToastManager" */,
				82DECC3F2BC3E6DA000ABBF2 /* XCRemoteSwiftPackageReference "APIManager" */,
			);
			productRefGroup = 82C3591C2B9C371A009A3294 /* Products */;
			projectDirPath = "";
			projectRoot = "";
			targets = (
				82C3591A2B9C371A009A3294 /* Linkwarden */,
			);
		};
/* End PBXProject section */

/* Begin PBXResourcesBuildPhase section */
		82C359192B9C371A009A3294 /* Resources */ = {
			isa = PBXResourcesBuildPhase;
			buildActionMask = 2147483647;
			files = (
				82C359262B9C371B009A3294 /* Preview Assets.xcassets in Resources */,
				82C359232B9C371B009A3294 /* Assets.xcassets in Resources */,
				824414FA2B9C6EF100E0C624 /* Localizable.xcstrings in Resources */,
			);
			runOnlyForDeploymentPostprocessing = 0;
		};
/* End PBXResourcesBuildPhase section */

/* Begin PBXSourcesBuildPhase section */
		82C359172B9C371A009A3294 /* Sources */ = {
			isa = PBXSourcesBuildPhase;
			buildActionMask = 2147483647;
			files = (
				8244152B2B9DCC3300E0C624 /* NetworkManager.swift in Sources */,
				824415302B9DD24D00E0C624 /* UserDefaultsKeys.swift in Sources */,
				8244150E2B9D290100E0C624 /* NetworkUtils.swift in Sources */,
				824415322B9DD98F00E0C624 /* APIResponseConstants.swift in Sources */,
				824415102B9D29BA00E0C624 /* NetworkReachability.swift in Sources */,
				82F78EA92BBB38AA000E73D3 /* FavouritesView.swift in Sources */,
				8244151F2B9DC68200E0C624 /* GetCSRFTokenUsecase.swift in Sources */,
				824415032B9C7A6C00E0C624 /* LoginPresenter.swift in Sources */,
				8295812D2BB042A0003162CE /* GetSessionDetailsNetworkService.swift in Sources */,
				8244151C2B9DC11C00E0C624 /* LError.swift in Sources */,
				829101262BBDCD8000AA25F1 /* OfflineView.swift in Sources */,
				82D136202BD2914F00A48CD2 /* Bookmark.swift in Sources */,
				829581372BB04744003162CE /* LinkwardenAssembler.swift in Sources */,
				829581232BB01F0D003162CE /* LinkwardenAppState.swift in Sources */,
				8244152E2B9DCC7F00E0C624 /* UserDefaultsManager.swift in Sources */,
				82A85A792BB98BFD00F4FFA6 /* Session+Extension.swift in Sources */,
				824415062B9C7AA800E0C624 /* LoginAssembler.swift in Sources */,
				82F78EAB2BBB38B1000E73D3 /* SettingsView.swift in Sources */,
				82F78E9C2BBB31FC000E73D3 /* Module.swift in Sources */,
				82D1361E2BD28C2100A48CD2 /* TagsModel.swift in Sources */,
				82D136162BD2898000A48CD2 /* GetBookmarksNetworkService.swift in Sources */,
				824415292B9DC97700E0C624 /* NetworkServiceContract.swift in Sources */,
				82D136272BD2D56B00A48CD2 /* GetAllBookmarksPreviewUsecase.swift in Sources */,
				824415272B9DC8D900E0C624 /* GetCSRFTokenNetworkService.swift in Sources */,
				82A85A742BB9744F00F4FFA6 /* Linkwarden.xcdatamodeld in Sources */,
				82C359212B9C371A009A3294 /* LoginPageView.swift in Sources */,
				82D136112BD2886500A48CD2 /* BookmarksPresenter.swift in Sources */,
				82F78E972BBB3079000E73D3 /* TabViewPresenter.swift in Sources */,
				82C23E222BA0E02200280ADC /* AuthenticateUserCredentialsNetworkService.swift in Sources */,
				82C3591F2B9C371A009A3294 /* LinkwardenApp.swift in Sources */,
				82C23E202BA0E00C00280ADC /* AuthenticateUserCredentialsUsecase.swift in Sources */,
				82A85A702BB96D6200F4FFA6 /* AppConstants.swift in Sources */,
				824415132B9D2B0A00E0C624 /* CommonUtils.swift in Sources */,
				824415242B9DC84B00E0C624 /* CSRFToken.swift in Sources */,
				82F78E992BBB3126000E73D3 /* TabBarAssembler.swift in Sources */,
				822D4C7D2BCEEB590077EF49 /* BookmarkCellView.swift in Sources */,
				82D1362B2BD2E09A00A48CD2 /* GetBookmarkPreviewDataManager.swift in Sources */,
				82D136252BD2989300A48CD2 /* BookmarksConvertor.swift in Sources */,
				82C359302B9C3ADC009A3294 /* ThemeManager.swift in Sources */,
				82F78EA32BBB3892000E73D3 /* CollectionsView.swift in Sources */,
				82D136182BD2898C00A48CD2 /* GetBookmarksDataManager.swift in Sources */,
				829581302BB042FF003162CE /* SessionDetail.swift in Sources */,
				82F78E8E2BBB1BDB000E73D3 /* TabBarView.swift in Sources */,
				82D136222BD294E800A48CD2 /* BookmarksAssembler.swift in Sources */,
				82A85A6B2BB96B5A00F4FFA6 /* AppState.swift in Sources */,
				82F78E952BBB305E000E73D3 /* TabViewState.swift in Sources */,
				824415222B9DC70100E0C624 /* GetCSRFTokenDataManager.swift in Sources */,
				824415162B9D2C1800E0C624 /* Logger+Extensions.swift in Sources */,
				82D136142BD2897200A48CD2 /* GetBookmarksUsecase.swift in Sources */,
				82F78EA72BBB38A2000E73D3 /* TagsView.swift in Sources */,
				829581342BB045D7003162CE /* GetSessionDetailUsecase.swift in Sources */,
				8244151A2B9DB9A800E0C624 /* Usecase.swift in Sources */,
				8295811B2BAF6FF7003162CE /* SessionToken.swift in Sources */,
				82D1362D2BD2E1BA00A48CD2 /* GetBookmarkPreviewUsecase.swift in Sources */,
				82F78EA52BBB389B000E73D3 /* BookmarksView.swift in Sources */,
				82D1361B2BD28A1900A48CD2 /* BookmarksModel.swift in Sources */,
				82D3D4192BB9DBA9000722BF /* Validator.swift in Sources */,
				82D1360F2BD2880500A48CD2 /* BookmarksViewState.swift in Sources */,
				82A85A6E2BB96BDA00F4FFA6 /* DateTimeManager.swift in Sources */,
				82C23E242BA0E03C00280ADC /* AuthenticateUserCredentialsDataManager.swift in Sources */,
				82D136292BD2DC1800A48CD2 /* GetBookmarkPreviewNetworkService.swift in Sources */,
				82A85A762BB9756300F4FFA6 /* DataManager.swift in Sources */,
				824414F82B9C6D3400E0C624 /* ImageConstants.swift in Sources */,
				829581282BB02DF6003162CE /* HomepageView.swift in Sources */,
				824415002B9C7A1800E0C624 /* LoginViewState.swift in Sources */,
				829581322BB04544003162CE /* GetSessionDetailDataManager.swift in Sources */,
			);
			runOnlyForDeploymentPostprocessing = 0;
		};
/* End PBXSourcesBuildPhase section */

/* Begin XCBuildConfiguration section */
		82C359272B9C371B009A3294 /* Debug */ = {
			isa = XCBuildConfiguration;
			buildSettings = {
				ALWAYS_SEARCH_USER_PATHS = NO;
				ASSETCATALOG_COMPILER_GENERATE_SWIFT_ASSET_SYMBOL_EXTENSIONS = YES;
				CLANG_ANALYZER_NONNULL = YES;
				CLANG_ANALYZER_NUMBER_OBJECT_CONVERSION = YES_AGGRESSIVE;
				CLANG_CXX_LANGUAGE_STANDARD = "gnu++20";
				CLANG_ENABLE_MODULES = YES;
				CLANG_ENABLE_OBJC_ARC = YES;
				CLANG_ENABLE_OBJC_WEAK = YES;
				CLANG_WARN_BLOCK_CAPTURE_AUTORELEASING = YES;
				CLANG_WARN_BOOL_CONVERSION = YES;
				CLANG_WARN_COMMA = YES;
				CLANG_WARN_CONSTANT_CONVERSION = YES;
				CLANG_WARN_DEPRECATED_OBJC_IMPLEMENTATIONS = YES;
				CLANG_WARN_DIRECT_OBJC_ISA_USAGE = YES_ERROR;
				CLANG_WARN_DOCUMENTATION_COMMENTS = YES;
				CLANG_WARN_EMPTY_BODY = YES;
				CLANG_WARN_ENUM_CONVERSION = YES;
				CLANG_WARN_INFINITE_RECURSION = YES;
				CLANG_WARN_INT_CONVERSION = YES;
				CLANG_WARN_NON_LITERAL_NULL_CONVERSION = YES;
				CLANG_WARN_OBJC_IMPLICIT_RETAIN_SELF = YES;
				CLANG_WARN_OBJC_LITERAL_CONVERSION = YES;
				CLANG_WARN_OBJC_ROOT_CLASS = YES_ERROR;
				CLANG_WARN_QUOTED_INCLUDE_IN_FRAMEWORK_HEADER = YES;
				CLANG_WARN_RANGE_LOOP_ANALYSIS = YES;
				CLANG_WARN_STRICT_PROTOTYPES = YES;
				CLANG_WARN_SUSPICIOUS_MOVE = YES;
				CLANG_WARN_UNGUARDED_AVAILABILITY = YES_AGGRESSIVE;
				CLANG_WARN_UNREACHABLE_CODE = YES;
				CLANG_WARN__DUPLICATE_METHOD_MATCH = YES;
				COPY_PHASE_STRIP = NO;
				DEBUG_INFORMATION_FORMAT = dwarf;
				ENABLE_STRICT_OBJC_MSGSEND = YES;
				ENABLE_TESTABILITY = YES;
				ENABLE_USER_SCRIPT_SANDBOXING = YES;
				GCC_C_LANGUAGE_STANDARD = gnu17;
				GCC_DYNAMIC_NO_PIC = NO;
				GCC_NO_COMMON_BLOCKS = YES;
				GCC_OPTIMIZATION_LEVEL = 0;
				GCC_PREPROCESSOR_DEFINITIONS = (
					"DEBUG=1",
					"$(inherited)",
				);
				GCC_WARN_64_TO_32_BIT_CONVERSION = YES;
				GCC_WARN_ABOUT_RETURN_TYPE = YES_ERROR;
				GCC_WARN_UNDECLARED_SELECTOR = YES;
				GCC_WARN_UNINITIALIZED_AUTOS = YES_AGGRESSIVE;
				GCC_WARN_UNUSED_FUNCTION = YES;
				GCC_WARN_UNUSED_VARIABLE = YES;
				INFOPLIST_KEY_UILaunchScreen_Generation = YES;
				IPHONEOS_DEPLOYMENT_TARGET = 16.0;
				LOCALIZATION_PREFERS_STRING_CATALOGS = YES;
				MTL_ENABLE_DEBUG_INFO = INCLUDE_SOURCE;
				MTL_FAST_MATH = YES;
				ONLY_ACTIVE_ARCH = YES;
				SDKROOT = iphoneos;
				SWIFT_ACTIVE_COMPILATION_CONDITIONS = "DEBUG $(inherited)";
				SWIFT_OPTIMIZATION_LEVEL = "-Onone";
			};
			name = Debug;
		};
		82C359282B9C371B009A3294 /* Release */ = {
			isa = XCBuildConfiguration;
			buildSettings = {
				ALWAYS_SEARCH_USER_PATHS = NO;
				ASSETCATALOG_COMPILER_GENERATE_SWIFT_ASSET_SYMBOL_EXTENSIONS = YES;
				CLANG_ANALYZER_NONNULL = YES;
				CLANG_ANALYZER_NUMBER_OBJECT_CONVERSION = YES_AGGRESSIVE;
				CLANG_CXX_LANGUAGE_STANDARD = "gnu++20";
				CLANG_ENABLE_MODULES = YES;
				CLANG_ENABLE_OBJC_ARC = YES;
				CLANG_ENABLE_OBJC_WEAK = YES;
				CLANG_WARN_BLOCK_CAPTURE_AUTORELEASING = YES;
				CLANG_WARN_BOOL_CONVERSION = YES;
				CLANG_WARN_COMMA = YES;
				CLANG_WARN_CONSTANT_CONVERSION = YES;
				CLANG_WARN_DEPRECATED_OBJC_IMPLEMENTATIONS = YES;
				CLANG_WARN_DIRECT_OBJC_ISA_USAGE = YES_ERROR;
				CLANG_WARN_DOCUMENTATION_COMMENTS = YES;
				CLANG_WARN_EMPTY_BODY = YES;
				CLANG_WARN_ENUM_CONVERSION = YES;
				CLANG_WARN_INFINITE_RECURSION = YES;
				CLANG_WARN_INT_CONVERSION = YES;
				CLANG_WARN_NON_LITERAL_NULL_CONVERSION = YES;
				CLANG_WARN_OBJC_IMPLICIT_RETAIN_SELF = YES;
				CLANG_WARN_OBJC_LITERAL_CONVERSION = YES;
				CLANG_WARN_OBJC_ROOT_CLASS = YES_ERROR;
				CLANG_WARN_QUOTED_INCLUDE_IN_FRAMEWORK_HEADER = YES;
				CLANG_WARN_RANGE_LOOP_ANALYSIS = YES;
				CLANG_WARN_STRICT_PROTOTYPES = YES;
				CLANG_WARN_SUSPICIOUS_MOVE = YES;
				CLANG_WARN_UNGUARDED_AVAILABILITY = YES_AGGRESSIVE;
				CLANG_WARN_UNREACHABLE_CODE = YES;
				CLANG_WARN__DUPLICATE_METHOD_MATCH = YES;
				COPY_PHASE_STRIP = NO;
				DEBUG_INFORMATION_FORMAT = "dwarf-with-dsym";
				ENABLE_NS_ASSERTIONS = NO;
				ENABLE_STRICT_OBJC_MSGSEND = YES;
				ENABLE_USER_SCRIPT_SANDBOXING = YES;
				GCC_C_LANGUAGE_STANDARD = gnu17;
				GCC_NO_COMMON_BLOCKS = YES;
				GCC_WARN_64_TO_32_BIT_CONVERSION = YES;
				GCC_WARN_ABOUT_RETURN_TYPE = YES_ERROR;
				GCC_WARN_UNDECLARED_SELECTOR = YES;
				GCC_WARN_UNINITIALIZED_AUTOS = YES_AGGRESSIVE;
				GCC_WARN_UNUSED_FUNCTION = YES;
				GCC_WARN_UNUSED_VARIABLE = YES;
				INFOPLIST_KEY_UILaunchScreen_Generation = YES;
				IPHONEOS_DEPLOYMENT_TARGET = 16.0;
				LOCALIZATION_PREFERS_STRING_CATALOGS = YES;
				MTL_ENABLE_DEBUG_INFO = NO;
				MTL_FAST_MATH = YES;
				SDKROOT = iphoneos;
				SWIFT_COMPILATION_MODE = wholemodule;
				VALIDATE_PRODUCT = YES;
			};
			name = Release;
		};
		82C3592A2B9C371B009A3294 /* Debug */ = {
			isa = XCBuildConfiguration;
			buildSettings = {
				ASSETCATALOG_COMPILER_APPICON_NAME = AppIcon;
				ASSETCATALOG_COMPILER_GLOBAL_ACCENT_COLOR_NAME = AccentColor;
				CODE_SIGN_STYLE = Automatic;
				CURRENT_PROJECT_VERSION = 1;
				DEVELOPMENT_ASSET_PATHS = "\"Linkwarden/Preview Content\"";
				DEVELOPMENT_TEAM = 5D5M67MDQ8;
				ENABLE_PREVIEWS = YES;
				GENERATE_INFOPLIST_FILE = YES;
				INFOPLIST_FILE = Linkwarden/Info.plist;
				INFOPLIST_KEY_CFBundleDisplayName = Linkwarden;
				INFOPLIST_KEY_LSApplicationCategoryType = "public.app-category.utilities";
				INFOPLIST_KEY_UIApplicationSceneManifest_Generation = YES;
				INFOPLIST_KEY_UIApplicationSupportsIndirectInputEvents = YES;
				INFOPLIST_KEY_UISupportedInterfaceOrientations = UIInterfaceOrientationPortrait;
				INFOPLIST_KEY_UISupportedInterfaceOrientations_iPad = "UIInterfaceOrientationLandscapeLeft UIInterfaceOrientationLandscapeRight UIInterfaceOrientationPortrait UIInterfaceOrientationPortraitUpsideDown";
				IPHONEOS_DEPLOYMENT_TARGET = 16.0;
				LD_RUNPATH_SEARCH_PATHS = (
					"$(inherited)",
					"@executable_path/Frameworks",
				);
				MARKETING_VERSION = 1.0;
				PRODUCT_BUNDLE_IDENTIFIER = com.zeyrie.Linkwarden;
				PRODUCT_NAME = "$(TARGET_NAME)";
				SWIFT_EMIT_LOC_STRINGS = YES;
				SWIFT_VERSION = 5.0;
				TARGETED_DEVICE_FAMILY = "1,2";
			};
			name = Debug;
		};
		82C3592B2B9C371B009A3294 /* Release */ = {
			isa = XCBuildConfiguration;
			buildSettings = {
				ASSETCATALOG_COMPILER_APPICON_NAME = AppIcon;
				ASSETCATALOG_COMPILER_GLOBAL_ACCENT_COLOR_NAME = AccentColor;
				CODE_SIGN_STYLE = Automatic;
				CURRENT_PROJECT_VERSION = 1;
				DEVELOPMENT_ASSET_PATHS = "\"Linkwarden/Preview Content\"";
				DEVELOPMENT_TEAM = 5D5M67MDQ8;
				ENABLE_PREVIEWS = YES;
				GENERATE_INFOPLIST_FILE = YES;
				INFOPLIST_FILE = Linkwarden/Info.plist;
				INFOPLIST_KEY_CFBundleDisplayName = Linkwarden;
				INFOPLIST_KEY_LSApplicationCategoryType = "public.app-category.utilities";
				INFOPLIST_KEY_UIApplicationSceneManifest_Generation = YES;
				INFOPLIST_KEY_UIApplicationSupportsIndirectInputEvents = YES;
				INFOPLIST_KEY_UISupportedInterfaceOrientations = UIInterfaceOrientationPortrait;
				INFOPLIST_KEY_UISupportedInterfaceOrientations_iPad = "UIInterfaceOrientationLandscapeLeft UIInterfaceOrientationLandscapeRight UIInterfaceOrientationPortrait UIInterfaceOrientationPortraitUpsideDown";
				IPHONEOS_DEPLOYMENT_TARGET = 16.0;
				LD_RUNPATH_SEARCH_PATHS = (
					"$(inherited)",
					"@executable_path/Frameworks",
				);
				MARKETING_VERSION = 1.0;
				PRODUCT_BUNDLE_IDENTIFIER = com.zeyrie.Linkwarden;
				PRODUCT_NAME = "$(TARGET_NAME)";
				SWIFT_EMIT_LOC_STRINGS = YES;
				SWIFT_VERSION = 5.0;
				TARGETED_DEVICE_FAMILY = "1,2";
			};
			name = Release;
		};
/* End XCBuildConfiguration section */

/* Begin XCConfigurationList section */
		82C359162B9C371A009A3294 /* Build configuration list for PBXProject "Linkwarden" */ = {
			isa = XCConfigurationList;
			buildConfigurations = (
				82C359272B9C371B009A3294 /* Debug */,
				82C359282B9C371B009A3294 /* Release */,
			);
			defaultConfigurationIsVisible = 0;
			defaultConfigurationName = Release;
		};
		82C359292B9C371B009A3294 /* Build configuration list for PBXNativeTarget "Linkwarden" */ = {
			isa = XCConfigurationList;
			buildConfigurations = (
				82C3592A2B9C371B009A3294 /* Debug */,
				82C3592B2B9C371B009A3294 /* Release */,
			);
			defaultConfigurationIsVisible = 0;
			defaultConfigurationName = Release;
		};
/* End XCConfigurationList section */

/* Begin XCRemoteSwiftPackageReference section */
		82DECC3C2BC3E6D2000ABBF2 /* XCRemoteSwiftPackageReference "ToastManager" */ = {
			isa = XCRemoteSwiftPackageReference;
			repositoryURL = "https://github.com/zeyrie/ToastManager";
			requirement = {
				kind = upToNextMajorVersion;
				minimumVersion = 0.0.1;
			};
		};
		82DECC3F2BC3E6DA000ABBF2 /* XCRemoteSwiftPackageReference "APIManager" */ = {
			isa = XCRemoteSwiftPackageReference;
			repositoryURL = "https://github.com/zeyrie/APIManager.git";
			requirement = {
				branch = main;
				kind = branch;
			};
		};
/* End XCRemoteSwiftPackageReference section */

/* Begin XCSwiftPackageProductDependency section */
		82DECC3D2BC3E6D2000ABBF2 /* ToastManager */ = {
			isa = XCSwiftPackageProductDependency;
			package = 82DECC3C2BC3E6D2000ABBF2 /* XCRemoteSwiftPackageReference "ToastManager" */;
			productName = ToastManager;
		};
		82DECC402BC3E6DA000ABBF2 /* APIManager */ = {
			isa = XCSwiftPackageProductDependency;
			package = 82DECC3F2BC3E6DA000ABBF2 /* XCRemoteSwiftPackageReference "APIManager" */;
			productName = APIManager;
		};
/* End XCSwiftPackageProductDependency section */

/* Begin XCVersionGroup section */
		82A85A722BB9744F00F4FFA6 /* Linkwarden.xcdatamodeld */ = {
			isa = XCVersionGroup;
			children = (
				82A85A732BB9744F00F4FFA6 /* UserDetails.xcdatamodel */,
			);
			currentVersion = 82A85A732BB9744F00F4FFA6 /* UserDetails.xcdatamodel */;
			path = Linkwarden.xcdatamodeld;
			sourceTree = "<group>";
			versionGroupType = wrapper.xcdatamodel;
		};
/* End XCVersionGroup section */
	};
	rootObject = 82C359132B9C371A009A3294 /* Project object */;
}
