// !$*UTF8*$!
{
	archiveVersion = 1;
	classes = {
	};
	objectVersion = 56;
	objects = {

/* Begin PBXBuildFile section */
		824414F82B9C6D3400E0C624 /* ImageConstants.swift in Sources */ = {isa = PBXBuildFile; fileRef = 824414F72B9C6D3400E0C624 /* ImageConstants.swift */; };
		824414FA2B9C6EF100E0C624 /* Localizable.xcstrings in Resources */ = {isa = PBXBuildFile; fileRef = 824414F92B9C6EF100E0C624 /* Localizable.xcstrings */; };
		824415002B9C7A1800E0C624 /* LoginViewState.swift in Sources */ = {isa = PBXBuildFile; fileRef = 824414FF2B9C7A1800E0C624 /* LoginViewState.swift */; };
		824415032B9C7A6C00E0C624 /* LoginPresenter.swift in Sources */ = {isa = PBXBuildFile; fileRef = 824415022B9C7A6C00E0C624 /* LoginPresenter.swift */; };
		824415062B9C7AA800E0C624 /* LoginAssembler.swift in Sources */ = {isa = PBXBuildFile; fileRef = 824415052B9C7AA800E0C624 /* LoginAssembler.swift */; };
		8244150A2B9D262800E0C624 /* APIManager in Frameworks */ = {isa = PBXBuildFile; productRef = 824415092B9D262800E0C624 /* APIManager */; };
		8244150E2B9D290100E0C624 /* NetworkUtils.swift in Sources */ = {isa = PBXBuildFile; fileRef = 8244150D2B9D290100E0C624 /* NetworkUtils.swift */; };
		824415102B9D29BA00E0C624 /* NetworkReachability.swift in Sources */ = {isa = PBXBuildFile; fileRef = 8244150F2B9D29BA00E0C624 /* NetworkReachability.swift */; };
		82C3591F2B9C371A009A3294 /* LinkwardenApp.swift in Sources */ = {isa = PBXBuildFile; fileRef = 82C3591E2B9C371A009A3294 /* LinkwardenApp.swift */; };
		82C359212B9C371A009A3294 /* LoginPageView.swift in Sources */ = {isa = PBXBuildFile; fileRef = 82C359202B9C371A009A3294 /* LoginPageView.swift */; };
		82C359232B9C371B009A3294 /* Assets.xcassets in Resources */ = {isa = PBXBuildFile; fileRef = 82C359222B9C371B009A3294 /* Assets.xcassets */; };
		82C359262B9C371B009A3294 /* Preview Assets.xcassets in Resources */ = {isa = PBXBuildFile; fileRef = 82C359252B9C371B009A3294 /* Preview Assets.xcassets */; };
		82C359302B9C3ADC009A3294 /* ThemeManager.swift in Sources */ = {isa = PBXBuildFile; fileRef = 82C3592F2B9C3ADC009A3294 /* ThemeManager.swift */; };
/* End PBXBuildFile section */

/* Begin PBXFileReference section */
		824414F72B9C6D3400E0C624 /* ImageConstants.swift */ = {isa = PBXFileReference; lastKnownFileType = sourcecode.swift; path = ImageConstants.swift; sourceTree = "<group>"; };
		824414F92B9C6EF100E0C624 /* Localizable.xcstrings */ = {isa = PBXFileReference; lastKnownFileType = text.json.xcstrings; path = Localizable.xcstrings; sourceTree = "<group>"; };
		824414FF2B9C7A1800E0C624 /* LoginViewState.swift */ = {isa = PBXFileReference; lastKnownFileType = sourcecode.swift; path = LoginViewState.swift; sourceTree = "<group>"; };
		824415022B9C7A6C00E0C624 /* LoginPresenter.swift */ = {isa = PBXFileReference; lastKnownFileType = sourcecode.swift; path = LoginPresenter.swift; sourceTree = "<group>"; };
		824415052B9C7AA800E0C624 /* LoginAssembler.swift */ = {isa = PBXFileReference; lastKnownFileType = sourcecode.swift; path = LoginAssembler.swift; sourceTree = "<group>"; };
		8244150D2B9D290100E0C624 /* NetworkUtils.swift */ = {isa = PBXFileReference; lastKnownFileType = sourcecode.swift; path = NetworkUtils.swift; sourceTree = "<group>"; };
		8244150F2B9D29BA00E0C624 /* NetworkReachability.swift */ = {isa = PBXFileReference; lastKnownFileType = sourcecode.swift; path = NetworkReachability.swift; sourceTree = "<group>"; };
		82C3591B2B9C371A009A3294 /* Linkwarden.app */ = {isa = PBXFileReference; explicitFileType = wrapper.application; includeInIndex = 0; path = Linkwarden.app; sourceTree = BUILT_PRODUCTS_DIR; };
		82C3591E2B9C371A009A3294 /* LinkwardenApp.swift */ = {isa = PBXFileReference; lastKnownFileType = sourcecode.swift; path = LinkwardenApp.swift; sourceTree = "<group>"; };
		82C359202B9C371A009A3294 /* LoginPageView.swift */ = {isa = PBXFileReference; lastKnownFileType = sourcecode.swift; path = LoginPageView.swift; sourceTree = "<group>"; };
		82C359222B9C371B009A3294 /* Assets.xcassets */ = {isa = PBXFileReference; lastKnownFileType = folder.assetcatalog; path = Assets.xcassets; sourceTree = "<group>"; };
		82C359252B9C371B009A3294 /* Preview Assets.xcassets */ = {isa = PBXFileReference; lastKnownFileType = folder.assetcatalog; path = "Preview Assets.xcassets"; sourceTree = "<group>"; };
		82C3592F2B9C3ADC009A3294 /* ThemeManager.swift */ = {isa = PBXFileReference; lastKnownFileType = sourcecode.swift; path = ThemeManager.swift; sourceTree = "<group>"; };
/* End PBXFileReference section */

/* Begin PBXFrameworksBuildPhase section */
		82C359182B9C371A009A3294 /* Frameworks */ = {
			isa = PBXFrameworksBuildPhase;
			buildActionMask = 2147483647;
			files = (
				8244150A2B9D262800E0C624 /* APIManager in Frameworks */,
			);
			runOnlyForDeploymentPostprocessing = 0;
		};
/* End PBXFrameworksBuildPhase section */

/* Begin PBXGroup section */
		824414F62B9C6D1E00E0C624 /* ImageManager */ = {
			isa = PBXGroup;
			children = (
				824414F72B9C6D3400E0C624 /* ImageConstants.swift */,
			);
			path = ImageManager;
			sourceTree = "<group>";
		};
		824414FB2B9C715000E0C624 /* Localization */ = {
			isa = PBXGroup;
			children = (
				824414F92B9C6EF100E0C624 /* Localizable.xcstrings */,
			);
			path = Localization;
			sourceTree = "<group>";
		};
		824414FE2B9C7A0300E0C624 /* ViewState */ = {
			isa = PBXGroup;
			children = (
				824414FF2B9C7A1800E0C624 /* LoginViewState.swift */,
			);
			path = ViewState;
			sourceTree = "<group>";
		};
		824415012B9C7A6000E0C624 /* Presenter */ = {
			isa = PBXGroup;
			children = (
				824415022B9C7A6C00E0C624 /* LoginPresenter.swift */,
			);
			path = Presenter;
			sourceTree = "<group>";
		};
		824415042B9C7A9200E0C624 /* Assembler */ = {
			isa = PBXGroup;
			children = (
				824415052B9C7AA800E0C624 /* LoginAssembler.swift */,
			);
			path = Assembler;
			sourceTree = "<group>";
		};
		8244150B2B9D28B900E0C624 /* Utils */ = {
			isa = PBXGroup;
			children = (
				8244150C2B9D28F100E0C624 /* Network */,
				824414F62B9C6D1E00E0C624 /* ImageManager */,
				82C3592E2B9C3ACE009A3294 /* ThemeManager */,
			);
			path = Utils;
			sourceTree = "<group>";
		};
		8244150C2B9D28F100E0C624 /* Network */ = {
			isa = PBXGroup;
			children = (
				8244150D2B9D290100E0C624 /* NetworkUtils.swift */,
				8244150F2B9D29BA00E0C624 /* NetworkReachability.swift */,
			);
			path = Network;
			sourceTree = "<group>";
		};
		82C359122B9C371A009A3294 = {
			isa = PBXGroup;
			children = (
				82C3591D2B9C371A009A3294 /* Linkwarden */,
				82C3591C2B9C371A009A3294 /* Products */,
			);
			sourceTree = "<group>";
		};
		82C3591C2B9C371A009A3294 /* Products */ = {
			isa = PBXGroup;
			children = (
				82C3591B2B9C371A009A3294 /* Linkwarden.app */,
			);
			name = Products;
			sourceTree = "<group>";
		};
		82C3591D2B9C371A009A3294 /* Linkwarden */ = {
			isa = PBXGroup;
			children = (
				8244150B2B9D28B900E0C624 /* Utils */,
				824414FB2B9C715000E0C624 /* Localization */,
				82C359312B9C47E6009A3294 /* Login */,
				82C3591E2B9C371A009A3294 /* LinkwardenApp.swift */,
				82C359222B9C371B009A3294 /* Assets.xcassets */,
				82C359242B9C371B009A3294 /* Preview Content */,
			);
			path = Linkwarden;
			sourceTree = "<group>";
		};
		82C359242B9C371B009A3294 /* Preview Content */ = {
			isa = PBXGroup;
			children = (
				82C359252B9C371B009A3294 /* Preview Assets.xcassets */,
			);
			path = "Preview Content";
			sourceTree = "<group>";
		};
		82C3592E2B9C3ACE009A3294 /* ThemeManager */ = {
			isa = PBXGroup;
			children = (
				82C3592F2B9C3ADC009A3294 /* ThemeManager.swift */,
			);
			path = ThemeManager;
			sourceTree = "<group>";
		};
		82C359312B9C47E6009A3294 /* Login */ = {
			isa = PBXGroup;
			children = (
				824415042B9C7A9200E0C624 /* Assembler */,
				824415012B9C7A6000E0C624 /* Presenter */,
				824414FE2B9C7A0300E0C624 /* ViewState */,
				82C359342B9C481D009A3294 /* Domain */,
				82C359332B9C4814009A3294 /* View */,
			);
			path = Login;
			sourceTree = "<group>";
		};
		82C359332B9C4814009A3294 /* View */ = {
			isa = PBXGroup;
			children = (
				82C359202B9C371A009A3294 /* LoginPageView.swift */,
			);
			path = View;
			sourceTree = "<group>";
		};
		82C359342B9C481D009A3294 /* Domain */ = {
			isa = PBXGroup;
			children = (
			);
			path = Domain;
			sourceTree = "<group>";
		};
/* End PBXGroup section */

/* Begin PBXNativeTarget section */
		82C3591A2B9C371A009A3294 /* Linkwarden */ = {
			isa = PBXNativeTarget;
			buildConfigurationList = 82C359292B9C371B009A3294 /* Build configuration list for PBXNativeTarget "Linkwarden" */;
			buildPhases = (
				82C359172B9C371A009A3294 /* Sources */,
				82C359182B9C371A009A3294 /* Frameworks */,
				82C359192B9C371A009A3294 /* Resources */,
			);
			buildRules = (
			);
			dependencies = (
			);
			name = Linkwarden;
			packageProductDependencies = (
				824415092B9D262800E0C624 /* APIManager */,
			);
			productName = Linkwarden;
			productReference = 82C3591B2B9C371A009A3294 /* Linkwarden.app */;
			productType = "com.apple.product-type.application";
		};
/* End PBXNativeTarget section */

/* Begin PBXProject section */
		82C359132B9C371A009A3294 /* Project object */ = {
			isa = PBXProject;
			attributes = {
				BuildIndependentTargetsInParallel = 1;
				LastSwiftUpdateCheck = 1520;
				LastUpgradeCheck = 1520;
				TargetAttributes = {
					82C3591A2B9C371A009A3294 = {
						CreatedOnToolsVersion = 15.2;
					};
				};
			};
			buildConfigurationList = 82C359162B9C371A009A3294 /* Build configuration list for PBXProject "Linkwarden" */;
			compatibilityVersion = "Xcode 14.0";
			developmentRegion = en;
			hasScannedForEncodings = 0;
			knownRegions = (
				en,
				Base,
			);
			mainGroup = 82C359122B9C371A009A3294;
			packageReferences = (
				824415082B9D262800E0C624 /* XCRemoteSwiftPackageReference "APIManager" */,
			);
			productRefGroup = 82C3591C2B9C371A009A3294 /* Products */;
			projectDirPath = "";
			projectRoot = "";
			targets = (
				82C3591A2B9C371A009A3294 /* Linkwarden */,
			);
		};
/* End PBXProject section */

/* Begin PBXResourcesBuildPhase section */
		82C359192B9C371A009A3294 /* Resources */ = {
			isa = PBXResourcesBuildPhase;
			buildActionMask = 2147483647;
			files = (
				82C359262B9C371B009A3294 /* Preview Assets.xcassets in Resources */,
				82C359232B9C371B009A3294 /* Assets.xcassets in Resources */,
				824414FA2B9C6EF100E0C624 /* Localizable.xcstrings in Resources */,
			);
			runOnlyForDeploymentPostprocessing = 0;
		};
/* End PBXResourcesBuildPhase section */

/* Begin PBXSourcesBuildPhase section */
		82C359172B9C371A009A3294 /* Sources */ = {
			isa = PBXSourcesBuildPhase;
			buildActionMask = 2147483647;
			files = (
				8244150E2B9D290100E0C624 /* NetworkUtils.swift in Sources */,
				824415102B9D29BA00E0C624 /* NetworkReachability.swift in Sources */,
				824415032B9C7A6C00E0C624 /* LoginPresenter.swift in Sources */,
				824415062B9C7AA800E0C624 /* LoginAssembler.swift in Sources */,
				82C359212B9C371A009A3294 /* LoginPageView.swift in Sources */,
				82C3591F2B9C371A009A3294 /* LinkwardenApp.swift in Sources */,
				82C359302B9C3ADC009A3294 /* ThemeManager.swift in Sources */,
				824414F82B9C6D3400E0C624 /* ImageConstants.swift in Sources */,
				824415002B9C7A1800E0C624 /* LoginViewState.swift in Sources */,
			);
			runOnlyForDeploymentPostprocessing = 0;
		};
/* End PBXSourcesBuildPhase section */

/* Begin XCBuildConfiguration section */
		82C359272B9C371B009A3294 /* Debug */ = {
			isa = XCBuildConfiguration;
			buildSettings = {
				ALWAYS_SEARCH_USER_PATHS = NO;
				ASSETCATALOG_COMPILER_GENERATE_SWIFT_ASSET_SYMBOL_EXTENSIONS = YES;
				CLANG_ANALYZER_NONNULL = YES;
				CLANG_ANALYZER_NUMBER_OBJECT_CONVERSION = YES_AGGRESSIVE;
				CLANG_CXX_LANGUAGE_STANDARD = "gnu++20";
				CLANG_ENABLE_MODULES = YES;
				CLANG_ENABLE_OBJC_ARC = YES;
				CLANG_ENABLE_OBJC_WEAK = YES;
				CLANG_WARN_BLOCK_CAPTURE_AUTORELEASING = YES;
				CLANG_WARN_BOOL_CONVERSION = YES;
				CLANG_WARN_COMMA = YES;
				CLANG_WARN_CONSTANT_CONVERSION = YES;
				CLANG_WARN_DEPRECATED_OBJC_IMPLEMENTATIONS = YES;
				CLANG_WARN_DIRECT_OBJC_ISA_USAGE = YES_ERROR;
				CLANG_WARN_DOCUMENTATION_COMMENTS = YES;
				CLANG_WARN_EMPTY_BODY = YES;
				CLANG_WARN_ENUM_CONVERSION = YES;
				CLANG_WARN_INFINITE_RECURSION = YES;
				CLANG_WARN_INT_CONVERSION = YES;
				CLANG_WARN_NON_LITERAL_NULL_CONVERSION = YES;
				CLANG_WARN_OBJC_IMPLICIT_RETAIN_SELF = YES;
				CLANG_WARN_OBJC_LITERAL_CONVERSION = YES;
				CLANG_WARN_OBJC_ROOT_CLASS = YES_ERROR;
				CLANG_WARN_QUOTED_INCLUDE_IN_FRAMEWORK_HEADER = YES;
				CLANG_WARN_RANGE_LOOP_ANALYSIS = YES;
				CLANG_WARN_STRICT_PROTOTYPES = YES;
				CLANG_WARN_SUSPICIOUS_MOVE = YES;
				CLANG_WARN_UNGUARDED_AVAILABILITY = YES_AGGRESSIVE;
				CLANG_WARN_UNREACHABLE_CODE = YES;
				CLANG_WARN__DUPLICATE_METHOD_MATCH = YES;
				COPY_PHASE_STRIP = NO;
				DEBUG_INFORMATION_FORMAT = dwarf;
				ENABLE_STRICT_OBJC_MSGSEND = YES;
				ENABLE_TESTABILITY = YES;
				ENABLE_USER_SCRIPT_SANDBOXING = YES;
				GCC_C_LANGUAGE_STANDARD = gnu17;
				GCC_DYNAMIC_NO_PIC = NO;
				GCC_NO_COMMON_BLOCKS = YES;
				GCC_OPTIMIZATION_LEVEL = 0;
				GCC_PREPROCESSOR_DEFINITIONS = (
					"DEBUG=1",
					"$(inherited)",
				);
				GCC_WARN_64_TO_32_BIT_CONVERSION = YES;
				GCC_WARN_ABOUT_RETURN_TYPE = YES_ERROR;
				GCC_WARN_UNDECLARED_SELECTOR = YES;
				GCC_WARN_UNINITIALIZED_AUTOS = YES_AGGRESSIVE;
				GCC_WARN_UNUSED_FUNCTION = YES;
				GCC_WARN_UNUSED_VARIABLE = YES;
				IPHONEOS_DEPLOYMENT_TARGET = 17.2;
				LOCALIZATION_PREFERS_STRING_CATALOGS = YES;
				MTL_ENABLE_DEBUG_INFO = INCLUDE_SOURCE;
				MTL_FAST_MATH = YES;
				ONLY_ACTIVE_ARCH = YES;
				SDKROOT = iphoneos;
				SWIFT_ACTIVE_COMPILATION_CONDITIONS = "DEBUG $(inherited)";
				SWIFT_OPTIMIZATION_LEVEL = "-Onone";
			};
			name = Debug;
		};
		82C359282B9C371B009A3294 /* Release */ = {
			isa = XCBuildConfiguration;
			buildSettings = {
				ALWAYS_SEARCH_USER_PATHS = NO;
				ASSETCATALOG_COMPILER_GENERATE_SWIFT_ASSET_SYMBOL_EXTENSIONS = YES;
				CLANG_ANALYZER_NONNULL = YES;
				CLANG_ANALYZER_NUMBER_OBJECT_CONVERSION = YES_AGGRESSIVE;
				CLANG_CXX_LANGUAGE_STANDARD = "gnu++20";
				CLANG_ENABLE_MODULES = YES;
				CLANG_ENABLE_OBJC_ARC = YES;
				CLANG_ENABLE_OBJC_WEAK = YES;
				CLANG_WARN_BLOCK_CAPTURE_AUTORELEASING = YES;
				CLANG_WARN_BOOL_CONVERSION = YES;
				CLANG_WARN_COMMA = YES;
				CLANG_WARN_CONSTANT_CONVERSION = YES;
				CLANG_WARN_DEPRECATED_OBJC_IMPLEMENTATIONS = YES;
				CLANG_WARN_DIRECT_OBJC_ISA_USAGE = YES_ERROR;
				CLANG_WARN_DOCUMENTATION_COMMENTS = YES;
				CLANG_WARN_EMPTY_BODY = YES;
				CLANG_WARN_ENUM_CONVERSION = YES;
				CLANG_WARN_INFINITE_RECURSION = YES;
				CLANG_WARN_INT_CONVERSION = YES;
				CLANG_WARN_NON_LITERAL_NULL_CONVERSION = YES;
				CLANG_WARN_OBJC_IMPLICIT_RETAIN_SELF = YES;
				CLANG_WARN_OBJC_LITERAL_CONVERSION = YES;
				CLANG_WARN_OBJC_ROOT_CLASS = YES_ERROR;
				CLANG_WARN_QUOTED_INCLUDE_IN_FRAMEWORK_HEADER = YES;
				CLANG_WARN_RANGE_LOOP_ANALYSIS = YES;
				CLANG_WARN_STRICT_PROTOTYPES = YES;
				CLANG_WARN_SUSPICIOUS_MOVE = YES;
				CLANG_WARN_UNGUARDED_AVAILABILITY = YES_AGGRESSIVE;
				CLANG_WARN_UNREACHABLE_CODE = YES;
				CLANG_WARN__DUPLICATE_METHOD_MATCH = YES;
				COPY_PHASE_STRIP = NO;
				DEBUG_INFORMATION_FORMAT = "dwarf-with-dsym";
				ENABLE_NS_ASSERTIONS = NO;
				ENABLE_STRICT_OBJC_MSGSEND = YES;
				ENABLE_USER_SCRIPT_SANDBOXING = YES;
				GCC_C_LANGUAGE_STANDARD = gnu17;
				GCC_NO_COMMON_BLOCKS = YES;
				GCC_WARN_64_TO_32_BIT_CONVERSION = YES;
				GCC_WARN_ABOUT_RETURN_TYPE = YES_ERROR;
				GCC_WARN_UNDECLARED_SELECTOR = YES;
				GCC_WARN_UNINITIALIZED_AUTOS = YES_AGGRESSIVE;
				GCC_WARN_UNUSED_FUNCTION = YES;
				GCC_WARN_UNUSED_VARIABLE = YES;
				IPHONEOS_DEPLOYMENT_TARGET = 17.2;
				LOCALIZATION_PREFERS_STRING_CATALOGS = YES;
				MTL_ENABLE_DEBUG_INFO = NO;
				MTL_FAST_MATH = YES;
				SDKROOT = iphoneos;
				SWIFT_COMPILATION_MODE = wholemodule;
				VALIDATE_PRODUCT = YES;
			};
			name = Release;
		};
		82C3592A2B9C371B009A3294 /* Debug */ = {
			isa = XCBuildConfiguration;
			buildSettings = {
				ASSETCATALOG_COMPILER_APPICON_NAME = AppIcon;
				ASSETCATALOG_COMPILER_GLOBAL_ACCENT_COLOR_NAME = AccentColor;
				CODE_SIGN_STYLE = Automatic;
				CURRENT_PROJECT_VERSION = 1;
				DEVELOPMENT_ASSET_PATHS = "\"Linkwarden/Preview Content\"";
				DEVELOPMENT_TEAM = 5D5M67MDQ8;
				ENABLE_PREVIEWS = YES;
				GENERATE_INFOPLIST_FILE = YES;
				INFOPLIST_KEY_CFBundleDisplayName = Linkwarden;
				INFOPLIST_KEY_LSApplicationCategoryType = "public.app-category.utilities";
				INFOPLIST_KEY_UIApplicationSceneManifest_Generation = YES;
				INFOPLIST_KEY_UIApplicationSupportsIndirectInputEvents = YES;
				INFOPLIST_KEY_UILaunchScreen_Generation = YES;
				INFOPLIST_KEY_UISupportedInterfaceOrientations_iPad = "UIInterfaceOrientationPortrait UIInterfaceOrientationPortraitUpsideDown UIInterfaceOrientationLandscapeLeft UIInterfaceOrientationLandscapeRight";
				INFOPLIST_KEY_UISupportedInterfaceOrientations_iPhone = "UIInterfaceOrientationPortrait UIInterfaceOrientationLandscapeLeft UIInterfaceOrientationLandscapeRight";
				IPHONEOS_DEPLOYMENT_TARGET = 16.0;
				LD_RUNPATH_SEARCH_PATHS = (
					"$(inherited)",
					"@executable_path/Frameworks",
				);
				MARKETING_VERSION = 1.0;
				PRODUCT_BUNDLE_IDENTIFIER = com.zeyrie.Linkwarden;
				PRODUCT_NAME = "$(TARGET_NAME)";
				SWIFT_EMIT_LOC_STRINGS = YES;
				SWIFT_VERSION = 5.0;
				TARGETED_DEVICE_FAMILY = "1,2";
			};
			name = Debug;
		};
		82C3592B2B9C371B009A3294 /* Release */ = {
			isa = XCBuildConfiguration;
			buildSettings = {
				ASSETCATALOG_COMPILER_APPICON_NAME = AppIcon;
				ASSETCATALOG_COMPILER_GLOBAL_ACCENT_COLOR_NAME = AccentColor;
				CODE_SIGN_STYLE = Automatic;
				CURRENT_PROJECT_VERSION = 1;
				DEVELOPMENT_ASSET_PATHS = "\"Linkwarden/Preview Content\"";
				DEVELOPMENT_TEAM = 5D5M67MDQ8;
				ENABLE_PREVIEWS = YES;
				GENERATE_INFOPLIST_FILE = YES;
				INFOPLIST_KEY_CFBundleDisplayName = Linkwarden;
				INFOPLIST_KEY_LSApplicationCategoryType = "public.app-category.utilities";
				INFOPLIST_KEY_UIApplicationSceneManifest_Generation = YES;
				INFOPLIST_KEY_UIApplicationSupportsIndirectInputEvents = YES;
				INFOPLIST_KEY_UILaunchScreen_Generation = YES;
				INFOPLIST_KEY_UISupportedInterfaceOrientations_iPad = "UIInterfaceOrientationPortrait UIInterfaceOrientationPortraitUpsideDown UIInterfaceOrientationLandscapeLeft UIInterfaceOrientationLandscapeRight";
				INFOPLIST_KEY_UISupportedInterfaceOrientations_iPhone = "UIInterfaceOrientationPortrait UIInterfaceOrientationLandscapeLeft UIInterfaceOrientationLandscapeRight";
				IPHONEOS_DEPLOYMENT_TARGET = 16.0;
				LD_RUNPATH_SEARCH_PATHS = (
					"$(inherited)",
					"@executable_path/Frameworks",
				);
				MARKETING_VERSION = 1.0;
				PRODUCT_BUNDLE_IDENTIFIER = com.zeyrie.Linkwarden;
				PRODUCT_NAME = "$(TARGET_NAME)";
				SWIFT_EMIT_LOC_STRINGS = YES;
				SWIFT_VERSION = 5.0;
				TARGETED_DEVICE_FAMILY = "1,2";
			};
			name = Release;
		};
/* End XCBuildConfiguration section */

/* Begin XCConfigurationList section */
		82C359162B9C371A009A3294 /* Build configuration list for PBXProject "Linkwarden" */ = {
			isa = XCConfigurationList;
			buildConfigurations = (
				82C359272B9C371B009A3294 /* Debug */,
				82C359282B9C371B009A3294 /* Release */,
			);
			defaultConfigurationIsVisible = 0;
			defaultConfigurationName = Release;
		};
		82C359292B9C371B009A3294 /* Build configuration list for PBXNativeTarget "Linkwarden" */ = {
			isa = XCConfigurationList;
			buildConfigurations = (
				82C3592A2B9C371B009A3294 /* Debug */,
				82C3592B2B9C371B009A3294 /* Release */,
			);
			defaultConfigurationIsVisible = 0;
			defaultConfigurationName = Release;
		};
/* End XCConfigurationList section */

/* Begin XCRemoteSwiftPackageReference section */
		824415082B9D262800E0C624 /* XCRemoteSwiftPackageReference "APIManager" */ = {
			isa = XCRemoteSwiftPackageReference;
			repositoryURL = "https://github.com/zeyrie/APIManager.git";
			requirement = {
				branch = main;
				kind = branch;
			};
		};
/* End XCRemoteSwiftPackageReference section */

/* Begin XCSwiftPackageProductDependency section */
		824415092B9D262800E0C624 /* APIManager */ = {
			isa = XCSwiftPackageProductDependency;
			package = 824415082B9D262800E0C624 /* XCRemoteSwiftPackageReference "APIManager" */;
			productName = APIManager;
		};
/* End XCSwiftPackageProductDependency section */
	};
	rootObject = 82C359132B9C371A009A3294 /* Project object */;
}
