// !$*UTF8*$!
{
	archiveVersion = 1;
	classes = {
	};
	objectVersion = 56;
	objects = {

/* Begin PBXBuildFile section */
		824414F82B9C6D3400E0C624 /* ImageConstants.swift in Sources */ = {isa = PBXBuildFile; fileRef = 824414F72B9C6D3400E0C624 /* ImageConstants.swift */; };
		824414FA2B9C6EF100E0C624 /* Localizable.xcstrings in Resources */ = {isa = PBXBuildFile; fileRef = 824414F92B9C6EF100E0C624 /* Localizable.xcstrings */; };
		824415002B9C7A1800E0C624 /* LoginViewState.swift in Sources */ = {isa = PBXBuildFile; fileRef = 824414FF2B9C7A1800E0C624 /* LoginViewState.swift */; };
		824415032B9C7A6C00E0C624 /* LoginPresenter.swift in Sources */ = {isa = PBXBuildFile; fileRef = 824415022B9C7A6C00E0C624 /* LoginPresenter.swift */; };
		824415062B9C7AA800E0C624 /* LoginAssembler.swift in Sources */ = {isa = PBXBuildFile; fileRef = 824415052B9C7AA800E0C624 /* LoginAssembler.swift */; };
		8244150A2B9D262800E0C624 /* APIManager in Frameworks */ = {isa = PBXBuildFile; productRef = 824415092B9D262800E0C624 /* APIManager */; };
		8244150E2B9D290100E0C624 /* NetworkUtils.swift in Sources */ = {isa = PBXBuildFile; fileRef = 8244150D2B9D290100E0C624 /* NetworkUtils.swift */; };
		824415102B9D29BA00E0C624 /* NetworkReachability.swift in Sources */ = {isa = PBXBuildFile; fileRef = 8244150F2B9D29BA00E0C624 /* NetworkReachability.swift */; };
		824415132B9D2B0A00E0C624 /* CommonUtils.swift in Sources */ = {isa = PBXBuildFile; fileRef = 824415122B9D2B0A00E0C624 /* CommonUtils.swift */; };
		824415162B9D2C1800E0C624 /* Logger+Extensions.swift in Sources */ = {isa = PBXBuildFile; fileRef = 824415152B9D2C1800E0C624 /* Logger+Extensions.swift */; };
		8244151A2B9DB9A800E0C624 /* Usecase.swift in Sources */ = {isa = PBXBuildFile; fileRef = 824415192B9DB9A800E0C624 /* Usecase.swift */; };
		8244151C2B9DC11C00E0C624 /* LError.swift in Sources */ = {isa = PBXBuildFile; fileRef = 8244151B2B9DC11C00E0C624 /* LError.swift */; };
		8244151F2B9DC68200E0C624 /* GetCSRFTokenUsecase.swift in Sources */ = {isa = PBXBuildFile; fileRef = 8244151E2B9DC68200E0C624 /* GetCSRFTokenUsecase.swift */; };
		824415222B9DC70100E0C624 /* GetCSRFTokenDataManager.swift in Sources */ = {isa = PBXBuildFile; fileRef = 824415212B9DC70100E0C624 /* GetCSRFTokenDataManager.swift */; };
		824415242B9DC84B00E0C624 /* CSRFToken.swift in Sources */ = {isa = PBXBuildFile; fileRef = 824415232B9DC84B00E0C624 /* CSRFToken.swift */; };
		824415272B9DC8D900E0C624 /* GetCSRFTokenNetworkService.swift in Sources */ = {isa = PBXBuildFile; fileRef = 824415262B9DC8D900E0C624 /* GetCSRFTokenNetworkService.swift */; };
		824415292B9DC97700E0C624 /* NetworkServiceContract.swift in Sources */ = {isa = PBXBuildFile; fileRef = 824415282B9DC97700E0C624 /* NetworkServiceContract.swift */; };
		8244152B2B9DCC3300E0C624 /* NetworkManager.swift in Sources */ = {isa = PBXBuildFile; fileRef = 8244152A2B9DCC3300E0C624 /* NetworkManager.swift */; };
		8244152E2B9DCC7F00E0C624 /* UserDefaultsManager.swift in Sources */ = {isa = PBXBuildFile; fileRef = 8244152D2B9DCC7F00E0C624 /* UserDefaultsManager.swift */; };
		824415302B9DD24D00E0C624 /* UserDefaultsKeys.swift in Sources */ = {isa = PBXBuildFile; fileRef = 8244152F2B9DD24D00E0C624 /* UserDefaultsKeys.swift */; };
		824415322B9DD98F00E0C624 /* APIResponseConstants.swift in Sources */ = {isa = PBXBuildFile; fileRef = 824415312B9DD98F00E0C624 /* APIResponseConstants.swift */; };
		8295811B2BAF6FF7003162CE /* SessionToken.swift in Sources */ = {isa = PBXBuildFile; fileRef = 8295811A2BAF6FF7003162CE /* SessionToken.swift */; };
		829581232BB01F0D003162CE /* LinkwardenAppState.swift in Sources */ = {isa = PBXBuildFile; fileRef = 829581222BB01F0D003162CE /* LinkwardenAppState.swift */; };
		829581282BB02DF6003162CE /* HomepageView.swift in Sources */ = {isa = PBXBuildFile; fileRef = 829581272BB02DF6003162CE /* HomepageView.swift */; };
		8295812D2BB042A0003162CE /* GetSessionDetailsNetworkService.swift in Sources */ = {isa = PBXBuildFile; fileRef = 8295812C2BB042A0003162CE /* GetSessionDetailsNetworkService.swift */; };
		829581302BB042FF003162CE /* SessionDetail.swift in Sources */ = {isa = PBXBuildFile; fileRef = 8295812F2BB042FF003162CE /* SessionDetail.swift */; };
		829581322BB04544003162CE /* GetSessionDetailDataManager.swift in Sources */ = {isa = PBXBuildFile; fileRef = 829581312BB04544003162CE /* GetSessionDetailDataManager.swift */; };
		829581342BB045D7003162CE /* GetSessionDetailUsecase.swift in Sources */ = {isa = PBXBuildFile; fileRef = 829581332BB045D7003162CE /* GetSessionDetailUsecase.swift */; };
		829581372BB04744003162CE /* LinkwardenAssembler.swift in Sources */ = {isa = PBXBuildFile; fileRef = 829581362BB04744003162CE /* LinkwardenAssembler.swift */; };
		82C23E202BA0E00C00280ADC /* AuthenticateUserCredentialsUsecase.swift in Sources */ = {isa = PBXBuildFile; fileRef = 82C23E1F2BA0E00C00280ADC /* AuthenticateUserCredentialsUsecase.swift */; };
		82C23E222BA0E02200280ADC /* AuthenticateUserCredentialsNetworkService.swift in Sources */ = {isa = PBXBuildFile; fileRef = 82C23E212BA0E02200280ADC /* AuthenticateUserCredentialsNetworkService.swift */; };
		82C23E242BA0E03C00280ADC /* AuthenticateUserCredentialsDataManager.swift in Sources */ = {isa = PBXBuildFile; fileRef = 82C23E232BA0E03C00280ADC /* AuthenticateUserCredentialsDataManager.swift */; };
		82C3591F2B9C371A009A3294 /* LinkwardenApp.swift in Sources */ = {isa = PBXBuildFile; fileRef = 82C3591E2B9C371A009A3294 /* LinkwardenApp.swift */; };
		82C359212B9C371A009A3294 /* LoginPageView.swift in Sources */ = {isa = PBXBuildFile; fileRef = 82C359202B9C371A009A3294 /* LoginPageView.swift */; };
		82C359232B9C371B009A3294 /* Assets.xcassets in Resources */ = {isa = PBXBuildFile; fileRef = 82C359222B9C371B009A3294 /* Assets.xcassets */; };
		82C359262B9C371B009A3294 /* Preview Assets.xcassets in Resources */ = {isa = PBXBuildFile; fileRef = 82C359252B9C371B009A3294 /* Preview Assets.xcassets */; };
		82C359302B9C3ADC009A3294 /* ThemeManager.swift in Sources */ = {isa = PBXBuildFile; fileRef = 82C3592F2B9C3ADC009A3294 /* ThemeManager.swift */; };
/* End PBXBuildFile section */

/* Begin PBXFileReference section */
		824414F72B9C6D3400E0C624 /* ImageConstants.swift */ = {isa = PBXFileReference; lastKnownFileType = sourcecode.swift; path = ImageConstants.swift; sourceTree = "<group>"; };
		824414F92B9C6EF100E0C624 /* Localizable.xcstrings */ = {isa = PBXFileReference; lastKnownFileType = text.json.xcstrings; path = Localizable.xcstrings; sourceTree = "<group>"; };
		824414FF2B9C7A1800E0C624 /* LoginViewState.swift */ = {isa = PBXFileReference; lastKnownFileType = sourcecode.swift; path = LoginViewState.swift; sourceTree = "<group>"; };
		824415022B9C7A6C00E0C624 /* LoginPresenter.swift */ = {isa = PBXFileReference; lastKnownFileType = sourcecode.swift; path = LoginPresenter.swift; sourceTree = "<group>"; };
		824415052B9C7AA800E0C624 /* LoginAssembler.swift */ = {isa = PBXFileReference; lastKnownFileType = sourcecode.swift; path = LoginAssembler.swift; sourceTree = "<group>"; };
		8244150D2B9D290100E0C624 /* NetworkUtils.swift */ = {isa = PBXFileReference; lastKnownFileType = sourcecode.swift; path = NetworkUtils.swift; sourceTree = "<group>"; };
		8244150F2B9D29BA00E0C624 /* NetworkReachability.swift */ = {isa = PBXFileReference; lastKnownFileType = sourcecode.swift; path = NetworkReachability.swift; sourceTree = "<group>"; };
		824415122B9D2B0A00E0C624 /* CommonUtils.swift */ = {isa = PBXFileReference; lastKnownFileType = sourcecode.swift; path = CommonUtils.swift; sourceTree = "<group>"; };
		824415152B9D2C1800E0C624 /* Logger+Extensions.swift */ = {isa = PBXFileReference; lastKnownFileType = sourcecode.swift; path = "Logger+Extensions.swift"; sourceTree = "<group>"; };
		824415192B9DB9A800E0C624 /* Usecase.swift */ = {isa = PBXFileReference; lastKnownFileType = sourcecode.swift; path = Usecase.swift; sourceTree = "<group>"; };
		8244151B2B9DC11C00E0C624 /* LError.swift */ = {isa = PBXFileReference; lastKnownFileType = sourcecode.swift; path = LError.swift; sourceTree = "<group>"; };
		8244151E2B9DC68200E0C624 /* GetCSRFTokenUsecase.swift */ = {isa = PBXFileReference; lastKnownFileType = sourcecode.swift; path = GetCSRFTokenUsecase.swift; sourceTree = "<group>"; };
		824415212B9DC70100E0C624 /* GetCSRFTokenDataManager.swift */ = {isa = PBXFileReference; lastKnownFileType = sourcecode.swift; path = GetCSRFTokenDataManager.swift; sourceTree = "<group>"; };
		824415232B9DC84B00E0C624 /* CSRFToken.swift */ = {isa = PBXFileReference; lastKnownFileType = sourcecode.swift; path = CSRFToken.swift; sourceTree = "<group>"; };
		824415262B9DC8D900E0C624 /* GetCSRFTokenNetworkService.swift */ = {isa = PBXFileReference; lastKnownFileType = sourcecode.swift; path = GetCSRFTokenNetworkService.swift; sourceTree = "<group>"; };
		824415282B9DC97700E0C624 /* NetworkServiceContract.swift */ = {isa = PBXFileReference; lastKnownFileType = sourcecode.swift; path = NetworkServiceContract.swift; sourceTree = "<group>"; };
		8244152A2B9DCC3300E0C624 /* NetworkManager.swift */ = {isa = PBXFileReference; lastKnownFileType = sourcecode.swift; path = NetworkManager.swift; sourceTree = "<group>"; };
		8244152D2B9DCC7F00E0C624 /* UserDefaultsManager.swift */ = {isa = PBXFileReference; lastKnownFileType = sourcecode.swift; path = UserDefaultsManager.swift; sourceTree = "<group>"; };
		8244152F2B9DD24D00E0C624 /* UserDefaultsKeys.swift */ = {isa = PBXFileReference; lastKnownFileType = sourcecode.swift; path = UserDefaultsKeys.swift; sourceTree = "<group>"; };
		824415312B9DD98F00E0C624 /* APIResponseConstants.swift */ = {isa = PBXFileReference; lastKnownFileType = sourcecode.swift; path = APIResponseConstants.swift; sourceTree = "<group>"; };
		8295811A2BAF6FF7003162CE /* SessionToken.swift */ = {isa = PBXFileReference; lastKnownFileType = sourcecode.swift; path = SessionToken.swift; sourceTree = "<group>"; };
		829581222BB01F0D003162CE /* LinkwardenAppState.swift */ = {isa = PBXFileReference; lastKnownFileType = sourcecode.swift; path = LinkwardenAppState.swift; sourceTree = "<group>"; };
		829581272BB02DF6003162CE /* HomepageView.swift */ = {isa = PBXFileReference; lastKnownFileType = sourcecode.swift; path = HomepageView.swift; sourceTree = "<group>"; };
		8295812C2BB042A0003162CE /* GetSessionDetailsNetworkService.swift */ = {isa = PBXFileReference; lastKnownFileType = sourcecode.swift; path = GetSessionDetailsNetworkService.swift; sourceTree = "<group>"; };
		8295812F2BB042FF003162CE /* SessionDetail.swift */ = {isa = PBXFileReference; lastKnownFileType = sourcecode.swift; path = SessionDetail.swift; sourceTree = "<group>"; };
		829581312BB04544003162CE /* GetSessionDetailDataManager.swift */ = {isa = PBXFileReference; lastKnownFileType = sourcecode.swift; path = GetSessionDetailDataManager.swift; sourceTree = "<group>"; };
		829581332BB045D7003162CE /* GetSessionDetailUsecase.swift */ = {isa = PBXFileReference; lastKnownFileType = sourcecode.swift; path = GetSessionDetailUsecase.swift; sourceTree = "<group>"; };
		829581362BB04744003162CE /* LinkwardenAssembler.swift */ = {isa = PBXFileReference; lastKnownFileType = sourcecode.swift; path = LinkwardenAssembler.swift; sourceTree = "<group>"; };
		82C23E1F2BA0E00C00280ADC /* AuthenticateUserCredentialsUsecase.swift */ = {isa = PBXFileReference; lastKnownFileType = sourcecode.swift; path = AuthenticateUserCredentialsUsecase.swift; sourceTree = "<group>"; };
		82C23E212BA0E02200280ADC /* AuthenticateUserCredentialsNetworkService.swift */ = {isa = PBXFileReference; lastKnownFileType = sourcecode.swift; path = AuthenticateUserCredentialsNetworkService.swift; sourceTree = "<group>"; };
		82C23E232BA0E03C00280ADC /* AuthenticateUserCredentialsDataManager.swift */ = {isa = PBXFileReference; lastKnownFileType = sourcecode.swift; path = AuthenticateUserCredentialsDataManager.swift; sourceTree = "<group>"; };
		82C3591B2B9C371A009A3294 /* Linkwarden.app */ = {isa = PBXFileReference; explicitFileType = wrapper.application; includeInIndex = 0; path = Linkwarden.app; sourceTree = BUILT_PRODUCTS_DIR; };
		82C3591E2B9C371A009A3294 /* LinkwardenApp.swift */ = {isa = PBXFileReference; lastKnownFileType = sourcecode.swift; path = LinkwardenApp.swift; sourceTree = "<group>"; };
		82C359202B9C371A009A3294 /* LoginPageView.swift */ = {isa = PBXFileReference; lastKnownFileType = sourcecode.swift; path = LoginPageView.swift; sourceTree = "<group>"; };
		82C359222B9C371B009A3294 /* Assets.xcassets */ = {isa = PBXFileReference; lastKnownFileType = folder.assetcatalog; path = Assets.xcassets; sourceTree = "<group>"; };
		82C359252B9C371B009A3294 /* Preview Assets.xcassets */ = {isa = PBXFileReference; lastKnownFileType = folder.assetcatalog; path = "Preview Assets.xcassets"; sourceTree = "<group>"; };
		82C3592F2B9C3ADC009A3294 /* ThemeManager.swift */ = {isa = PBXFileReference; lastKnownFileType = sourcecode.swift; path = ThemeManager.swift; sourceTree = "<group>"; };
/* End PBXFileReference section */

/* Begin PBXFrameworksBuildPhase section */
		82C359182B9C371A009A3294 /* Frameworks */ = {
			isa = PBXFrameworksBuildPhase;
			buildActionMask = 2147483647;
			files = (
				8244150A2B9D262800E0C624 /* APIManager in Frameworks */,
			);
			runOnlyForDeploymentPostprocessing = 0;
		};
/* End PBXFrameworksBuildPhase section */

/* Begin PBXGroup section */
		824414F62B9C6D1E00E0C624 /* ImageManager */ = {
			isa = PBXGroup;
			children = (
				824414F72B9C6D3400E0C624 /* ImageConstants.swift */,
			);
			path = ImageManager;
			sourceTree = "<group>";
		};
		824414FB2B9C715000E0C624 /* Localization */ = {
			isa = PBXGroup;
			children = (
				824414F92B9C6EF100E0C624 /* Localizable.xcstrings */,
			);
			path = Localization;
			sourceTree = "<group>";
		};
		824414FE2B9C7A0300E0C624 /* ViewState */ = {
			isa = PBXGroup;
			children = (
				824414FF2B9C7A1800E0C624 /* LoginViewState.swift */,
			);
			path = ViewState;
			sourceTree = "<group>";
		};
		824415012B9C7A6000E0C624 /* Presenter */ = {
			isa = PBXGroup;
			children = (
				824415022B9C7A6C00E0C624 /* LoginPresenter.swift */,
			);
			path = Presenter;
			sourceTree = "<group>";
		};
		824415042B9C7A9200E0C624 /* Assembler */ = {
			isa = PBXGroup;
			children = (
				824415052B9C7AA800E0C624 /* LoginAssembler.swift */,
			);
			path = Assembler;
			sourceTree = "<group>";
		};
		8244150B2B9D28B900E0C624 /* Utils */ = {
			isa = PBXGroup;
			children = (
				8244152C2B9DCC6E00E0C624 /* UserDefaultsManager */,
				824415142B9D2BFB00E0C624 /* Logger */,
				8244150C2B9D28F100E0C624 /* Network */,
				824414F62B9C6D1E00E0C624 /* ImageManager */,
				82C3592E2B9C3ACE009A3294 /* ThemeManager */,
			);
			path = Utils;
			sourceTree = "<group>";
		};
		8244150C2B9D28F100E0C624 /* Network */ = {
			isa = PBXGroup;
			children = (
				8244150D2B9D290100E0C624 /* NetworkUtils.swift */,
				8244150F2B9D29BA00E0C624 /* NetworkReachability.swift */,
				824415192B9DB9A800E0C624 /* Usecase.swift */,
				824415282B9DC97700E0C624 /* NetworkServiceContract.swift */,
				8244152A2B9DCC3300E0C624 /* NetworkManager.swift */,
				824415312B9DD98F00E0C624 /* APIResponseConstants.swift */,
			);
			path = Network;
			sourceTree = "<group>";
		};
		824415112B9D2AFD00E0C624 /* CommonUtils */ = {
			isa = PBXGroup;
			children = (
				824415122B9D2B0A00E0C624 /* CommonUtils.swift */,
				8244151B2B9DC11C00E0C624 /* LError.swift */,
			);
			path = CommonUtils;
			sourceTree = "<group>";
		};
		824415142B9D2BFB00E0C624 /* Logger */ = {
			isa = PBXGroup;
			children = (
				824415152B9D2C1800E0C624 /* Logger+Extensions.swift */,
			);
			path = Logger;
			sourceTree = "<group>";
		};
		8244151D2B9DC47400E0C624 /* Usecase */ = {
			isa = PBXGroup;
			children = (
				8244151E2B9DC68200E0C624 /* GetCSRFTokenUsecase.swift */,
				82C23E1F2BA0E00C00280ADC /* AuthenticateUserCredentialsUsecase.swift */,
			);
			path = Usecase;
			sourceTree = "<group>";
		};
		824415202B9DC6EC00E0C624 /* DataManager */ = {
			isa = PBXGroup;
			children = (
				824415212B9DC70100E0C624 /* GetCSRFTokenDataManager.swift */,
				82C23E232BA0E03C00280ADC /* AuthenticateUserCredentialsDataManager.swift */,
			);
			path = DataManager;
			sourceTree = "<group>";
		};
		824415252B9DC8C600E0C624 /* NetworkService */ = {
			isa = PBXGroup;
			children = (
				824415262B9DC8D900E0C624 /* GetCSRFTokenNetworkService.swift */,
				82C23E212BA0E02200280ADC /* AuthenticateUserCredentialsNetworkService.swift */,
			);
			path = NetworkService;
			sourceTree = "<group>";
		};
		8244152C2B9DCC6E00E0C624 /* UserDefaultsManager */ = {
			isa = PBXGroup;
			children = (
				8244152D2B9DCC7F00E0C624 /* UserDefaultsManager.swift */,
				8244152F2B9DD24D00E0C624 /* UserDefaultsKeys.swift */,
			);
			path = UserDefaultsManager;
			sourceTree = "<group>";
		};
		8295811C2BB01ECC003162CE /* Linkwarden */ = {
			isa = PBXGroup;
			children = (
				829581352BB04738003162CE /* Assembler */,
				8295812E2BB042F2003162CE /* Domain */,
				8295812B2BB0427E003162CE /* NetworkService */,
				8295812A2BB04278003162CE /* DataManager */,
				829581292BB04270003162CE /* Usecase */,
				829581212BB01F00003162CE /* ViewState */,
				8295811D2BB01EDB003162CE /* View */,
			);
			path = Linkwarden;
			sourceTree = "<group>";
		};
		8295811D2BB01EDB003162CE /* View */ = {
			isa = PBXGroup;
			children = (
				82C3591E2B9C371A009A3294 /* LinkwardenApp.swift */,
			);
			path = View;
			sourceTree = "<group>";
		};
		829581212BB01F00003162CE /* ViewState */ = {
			isa = PBXGroup;
			children = (
				829581222BB01F0D003162CE /* LinkwardenAppState.swift */,
			);
			path = ViewState;
			sourceTree = "<group>";
		};
		829581242BB02DA4003162CE /* Homepage */ = {
			isa = PBXGroup;
			children = (
				829581272BB02DF6003162CE /* HomepageView.swift */,
			);
			path = Homepage;
			sourceTree = "<group>";
		};
		829581292BB04270003162CE /* Usecase */ = {
			isa = PBXGroup;
			children = (
				829581332BB045D7003162CE /* GetSessionDetailUsecase.swift */,
			);
			path = Usecase;
			sourceTree = "<group>";
		};
		8295812A2BB04278003162CE /* DataManager */ = {
			isa = PBXGroup;
			children = (
				829581312BB04544003162CE /* GetSessionDetailDataManager.swift */,
			);
			path = DataManager;
			sourceTree = "<group>";
		};
		8295812B2BB0427E003162CE /* NetworkService */ = {
			isa = PBXGroup;
			children = (
				8295812C2BB042A0003162CE /* GetSessionDetailsNetworkService.swift */,
			);
			path = NetworkService;
			sourceTree = "<group>";
		};
		8295812E2BB042F2003162CE /* Domain */ = {
			isa = PBXGroup;
			children = (
				8295812F2BB042FF003162CE /* SessionDetail.swift */,
			);
			path = Domain;
			sourceTree = "<group>";
		};
		829581352BB04738003162CE /* Assembler */ = {
			isa = PBXGroup;
			children = (
				829581362BB04744003162CE /* LinkwardenAssembler.swift */,
			);
			path = Assembler;
			sourceTree = "<group>";
		};
		82C359122B9C371A009A3294 = {
			isa = PBXGroup;
			children = (
				82C3591D2B9C371A009A3294 /* Linkwarden */,
				82C3591C2B9C371A009A3294 /* Products */,
			);
			sourceTree = "<group>";
		};
		82C3591C2B9C371A009A3294 /* Products */ = {
			isa = PBXGroup;
			children = (
				82C3591B2B9C371A009A3294 /* Linkwarden.app */,
			);
			name = Products;
			sourceTree = "<group>";
		};
		82C3591D2B9C371A009A3294 /* Linkwarden */ = {
			isa = PBXGroup;
			children = (
				829581242BB02DA4003162CE /* Homepage */,
				824415112B9D2AFD00E0C624 /* CommonUtils */,
				8244150B2B9D28B900E0C624 /* Utils */,
				824414FB2B9C715000E0C624 /* Localization */,
				82C359312B9C47E6009A3294 /* Login */,
				8295811C2BB01ECC003162CE /* Linkwarden */,
				82C359222B9C371B009A3294 /* Assets.xcassets */,
				82C359242B9C371B009A3294 /* Preview Content */,
			);
			path = Linkwarden;
			sourceTree = "<group>";
		};
		82C359242B9C371B009A3294 /* Preview Content */ = {
			isa = PBXGroup;
			children = (
				82C359252B9C371B009A3294 /* Preview Assets.xcassets */,
			);
			path = "Preview Content";
			sourceTree = "<group>";
		};
		82C3592E2B9C3ACE009A3294 /* ThemeManager */ = {
			isa = PBXGroup;
			children = (
				82C3592F2B9C3ADC009A3294 /* ThemeManager.swift */,
			);
			path = ThemeManager;
			sourceTree = "<group>";
		};
		82C359312B9C47E6009A3294 /* Login */ = {
			isa = PBXGroup;
			children = (
				824415252B9DC8C600E0C624 /* NetworkService */,
				824415202B9DC6EC00E0C624 /* DataManager */,
				8244151D2B9DC47400E0C624 /* Usecase */,
				824415042B9C7A9200E0C624 /* Assembler */,
				824415012B9C7A6000E0C624 /* Presenter */,
				824414FE2B9C7A0300E0C624 /* ViewState */,
				82C359342B9C481D009A3294 /* Domain */,
				82C359332B9C4814009A3294 /* View */,
			);
			path = Login;
			sourceTree = "<group>";
		};
		82C359332B9C4814009A3294 /* View */ = {
			isa = PBXGroup;
			children = (
				82C359202B9C371A009A3294 /* LoginPageView.swift */,
			);
			path = View;
			sourceTree = "<group>";
		};
		82C359342B9C481D009A3294 /* Domain */ = {
			isa = PBXGroup;
			children = (
				824415232B9DC84B00E0C624 /* CSRFToken.swift */,
				8295811A2BAF6FF7003162CE /* SessionToken.swift */,
			);
			path = Domain;
			sourceTree = "<group>";
		};
/* End PBXGroup section */

/* Begin PBXNativeTarget section */
		82C3591A2B9C371A009A3294 /* Linkwarden */ = {
			isa = PBXNativeTarget;
			buildConfigurationList = 82C359292B9C371B009A3294 /* Build configuration list for PBXNativeTarget "Linkwarden" */;
			buildPhases = (
				82C359172B9C371A009A3294 /* Sources */,
				82C359182B9C371A009A3294 /* Frameworks */,
				82C359192B9C371A009A3294 /* Resources */,
			);
			buildRules = (
			);
			dependencies = (
			);
			name = Linkwarden;
			packageProductDependencies = (
				824415092B9D262800E0C624 /* APIManager */,
			);
			productName = Linkwarden;
			productReference = 82C3591B2B9C371A009A3294 /* Linkwarden.app */;
			productType = "com.apple.product-type.application";
		};
/* End PBXNativeTarget section */

/* Begin PBXProject section */
		82C359132B9C371A009A3294 /* Project object */ = {
			isa = PBXProject;
			attributes = {
				BuildIndependentTargetsInParallel = 1;
				LastSwiftUpdateCheck = 1520;
				LastUpgradeCheck = 1520;
				TargetAttributes = {
					82C3591A2B9C371A009A3294 = {
						CreatedOnToolsVersion = 15.2;
					};
				};
			};
			buildConfigurationList = 82C359162B9C371A009A3294 /* Build configuration list for PBXProject "Linkwarden" */;
			compatibilityVersion = "Xcode 14.0";
			developmentRegion = en;
			hasScannedForEncodings = 0;
			knownRegions = (
				en,
				Base,
			);
			mainGroup = 82C359122B9C371A009A3294;
			packageReferences = (
				824415082B9D262800E0C624 /* XCRemoteSwiftPackageReference "APIManager" */,
			);
			productRefGroup = 82C3591C2B9C371A009A3294 /* Products */;
			projectDirPath = "";
			projectRoot = "";
			targets = (
				82C3591A2B9C371A009A3294 /* Linkwarden */,
			);
		};
/* End PBXProject section */

/* Begin PBXResourcesBuildPhase section */
		82C359192B9C371A009A3294 /* Resources */ = {
			isa = PBXResourcesBuildPhase;
			buildActionMask = 2147483647;
			files = (
				82C359262B9C371B009A3294 /* Preview Assets.xcassets in Resources */,
				82C359232B9C371B009A3294 /* Assets.xcassets in Resources */,
				824414FA2B9C6EF100E0C624 /* Localizable.xcstrings in Resources */,
			);
			runOnlyForDeploymentPostprocessing = 0;
		};
/* End PBXResourcesBuildPhase section */

/* Begin PBXSourcesBuildPhase section */
		82C359172B9C371A009A3294 /* Sources */ = {
			isa = PBXSourcesBuildPhase;
			buildActionMask = 2147483647;
			files = (
				8244152B2B9DCC3300E0C624 /* NetworkManager.swift in Sources */,
				824415302B9DD24D00E0C624 /* UserDefaultsKeys.swift in Sources */,
				8244150E2B9D290100E0C624 /* NetworkUtils.swift in Sources */,
				824415322B9DD98F00E0C624 /* APIResponseConstants.swift in Sources */,
				824415102B9D29BA00E0C624 /* NetworkReachability.swift in Sources */,
				8244151F2B9DC68200E0C624 /* GetCSRFTokenUsecase.swift in Sources */,
				824415032B9C7A6C00E0C624 /* LoginPresenter.swift in Sources */,
				8295812D2BB042A0003162CE /* GetSessionDetailsNetworkService.swift in Sources */,
				8244151C2B9DC11C00E0C624 /* LError.swift in Sources */,
				829581372BB04744003162CE /* LinkwardenAssembler.swift in Sources */,
				829581232BB01F0D003162CE /* LinkwardenAppState.swift in Sources */,
				8244152E2B9DCC7F00E0C624 /* UserDefaultsManager.swift in Sources */,
				824415062B9C7AA800E0C624 /* LoginAssembler.swift in Sources */,
				824415292B9DC97700E0C624 /* NetworkServiceContract.swift in Sources */,
				824415272B9DC8D900E0C624 /* GetCSRFTokenNetworkService.swift in Sources */,
				82C359212B9C371A009A3294 /* LoginPageView.swift in Sources */,
				82C23E222BA0E02200280ADC /* AuthenticateUserCredentialsNetworkService.swift in Sources */,
				82C3591F2B9C371A009A3294 /* LinkwardenApp.swift in Sources */,
				82C23E202BA0E00C00280ADC /* AuthenticateUserCredentialsUsecase.swift in Sources */,
				824415132B9D2B0A00E0C624 /* CommonUtils.swift in Sources */,
				824415242B9DC84B00E0C624 /* CSRFToken.swift in Sources */,
				82C359302B9C3ADC009A3294 /* ThemeManager.swift in Sources */,
				829581302BB042FF003162CE /* SessionDetail.swift in Sources */,
				824415222B9DC70100E0C624 /* GetCSRFTokenDataManager.swift in Sources */,
				824415162B9D2C1800E0C624 /* Logger+Extensions.swift in Sources */,
				829581342BB045D7003162CE /* GetSessionDetailUsecase.swift in Sources */,
				8244151A2B9DB9A800E0C624 /* Usecase.swift in Sources */,
				8295811B2BAF6FF7003162CE /* SessionToken.swift in Sources */,
				82C23E242BA0E03C00280ADC /* AuthenticateUserCredentialsDataManager.swift in Sources */,
				824414F82B9C6D3400E0C624 /* ImageConstants.swift in Sources */,
				829581282BB02DF6003162CE /* HomepageView.swift in Sources */,
				824415002B9C7A1800E0C624 /* LoginViewState.swift in Sources */,
				829581322BB04544003162CE /* GetSessionDetailDataManager.swift in Sources */,
			);
			runOnlyForDeploymentPostprocessing = 0;
		};
/* End PBXSourcesBuildPhase section */

/* Begin XCBuildConfiguration section */
		82C359272B9C371B009A3294 /* Debug */ = {
			isa = XCBuildConfiguration;
			buildSettings = {
				ALWAYS_SEARCH_USER_PATHS = NO;
				ASSETCATALOG_COMPILER_GENERATE_SWIFT_ASSET_SYMBOL_EXTENSIONS = YES;
				CLANG_ANALYZER_NONNULL = YES;
				CLANG_ANALYZER_NUMBER_OBJECT_CONVERSION = YES_AGGRESSIVE;
				CLANG_CXX_LANGUAGE_STANDARD = "gnu++20";
				CLANG_ENABLE_MODULES = YES;
				CLANG_ENABLE_OBJC_ARC = YES;
				CLANG_ENABLE_OBJC_WEAK = YES;
				CLANG_WARN_BLOCK_CAPTURE_AUTORELEASING = YES;
				CLANG_WARN_BOOL_CONVERSION = YES;
				CLANG_WARN_COMMA = YES;
				CLANG_WARN_CONSTANT_CONVERSION = YES;
				CLANG_WARN_DEPRECATED_OBJC_IMPLEMENTATIONS = YES;
				CLANG_WARN_DIRECT_OBJC_ISA_USAGE = YES_ERROR;
				CLANG_WARN_DOCUMENTATION_COMMENTS = YES;
				CLANG_WARN_EMPTY_BODY = YES;
				CLANG_WARN_ENUM_CONVERSION = YES;
				CLANG_WARN_INFINITE_RECURSION = YES;
				CLANG_WARN_INT_CONVERSION = YES;
				CLANG_WARN_NON_LITERAL_NULL_CONVERSION = YES;
				CLANG_WARN_OBJC_IMPLICIT_RETAIN_SELF = YES;
				CLANG_WARN_OBJC_LITERAL_CONVERSION = YES;
				CLANG_WARN_OBJC_ROOT_CLASS = YES_ERROR;
				CLANG_WARN_QUOTED_INCLUDE_IN_FRAMEWORK_HEADER = YES;
				CLANG_WARN_RANGE_LOOP_ANALYSIS = YES;
				CLANG_WARN_STRICT_PROTOTYPES = YES;
				CLANG_WARN_SUSPICIOUS_MOVE = YES;
				CLANG_WARN_UNGUARDED_AVAILABILITY = YES_AGGRESSIVE;
				CLANG_WARN_UNREACHABLE_CODE = YES;
				CLANG_WARN__DUPLICATE_METHOD_MATCH = YES;
				COPY_PHASE_STRIP = NO;
				DEBUG_INFORMATION_FORMAT = dwarf;
				ENABLE_STRICT_OBJC_MSGSEND = YES;
				ENABLE_TESTABILITY = YES;
				ENABLE_USER_SCRIPT_SANDBOXING = YES;
				GCC_C_LANGUAGE_STANDARD = gnu17;
				GCC_DYNAMIC_NO_PIC = NO;
				GCC_NO_COMMON_BLOCKS = YES;
				GCC_OPTIMIZATION_LEVEL = 0;
				GCC_PREPROCESSOR_DEFINITIONS = (
					"DEBUG=1",
					"$(inherited)",
				);
				GCC_WARN_64_TO_32_BIT_CONVERSION = YES;
				GCC_WARN_ABOUT_RETURN_TYPE = YES_ERROR;
				GCC_WARN_UNDECLARED_SELECTOR = YES;
				GCC_WARN_UNINITIALIZED_AUTOS = YES_AGGRESSIVE;
				GCC_WARN_UNUSED_FUNCTION = YES;
				GCC_WARN_UNUSED_VARIABLE = YES;
				IPHONEOS_DEPLOYMENT_TARGET = 16.0;
				LOCALIZATION_PREFERS_STRING_CATALOGS = YES;
				MTL_ENABLE_DEBUG_INFO = INCLUDE_SOURCE;
				MTL_FAST_MATH = YES;
				ONLY_ACTIVE_ARCH = YES;
				SDKROOT = iphoneos;
				SWIFT_ACTIVE_COMPILATION_CONDITIONS = "DEBUG $(inherited)";
				SWIFT_OPTIMIZATION_LEVEL = "-Onone";
			};
			name = Debug;
		};
		82C359282B9C371B009A3294 /* Release */ = {
			isa = XCBuildConfiguration;
			buildSettings = {
				ALWAYS_SEARCH_USER_PATHS = NO;
				ASSETCATALOG_COMPILER_GENERATE_SWIFT_ASSET_SYMBOL_EXTENSIONS = YES;
				CLANG_ANALYZER_NONNULL = YES;
				CLANG_ANALYZER_NUMBER_OBJECT_CONVERSION = YES_AGGRESSIVE;
				CLANG_CXX_LANGUAGE_STANDARD = "gnu++20";
				CLANG_ENABLE_MODULES = YES;
				CLANG_ENABLE_OBJC_ARC = YES;
				CLANG_ENABLE_OBJC_WEAK = YES;
				CLANG_WARN_BLOCK_CAPTURE_AUTORELEASING = YES;
				CLANG_WARN_BOOL_CONVERSION = YES;
				CLANG_WARN_COMMA = YES;
				CLANG_WARN_CONSTANT_CONVERSION = YES;
				CLANG_WARN_DEPRECATED_OBJC_IMPLEMENTATIONS = YES;
				CLANG_WARN_DIRECT_OBJC_ISA_USAGE = YES_ERROR;
				CLANG_WARN_DOCUMENTATION_COMMENTS = YES;
				CLANG_WARN_EMPTY_BODY = YES;
				CLANG_WARN_ENUM_CONVERSION = YES;
				CLANG_WARN_INFINITE_RECURSION = YES;
				CLANG_WARN_INT_CONVERSION = YES;
				CLANG_WARN_NON_LITERAL_NULL_CONVERSION = YES;
				CLANG_WARN_OBJC_IMPLICIT_RETAIN_SELF = YES;
				CLANG_WARN_OBJC_LITERAL_CONVERSION = YES;
				CLANG_WARN_OBJC_ROOT_CLASS = YES_ERROR;
				CLANG_WARN_QUOTED_INCLUDE_IN_FRAMEWORK_HEADER = YES;
				CLANG_WARN_RANGE_LOOP_ANALYSIS = YES;
				CLANG_WARN_STRICT_PROTOTYPES = YES;
				CLANG_WARN_SUSPICIOUS_MOVE = YES;
				CLANG_WARN_UNGUARDED_AVAILABILITY = YES_AGGRESSIVE;
				CLANG_WARN_UNREACHABLE_CODE = YES;
				CLANG_WARN__DUPLICATE_METHOD_MATCH = YES;
				COPY_PHASE_STRIP = NO;
				DEBUG_INFORMATION_FORMAT = "dwarf-with-dsym";
				ENABLE_NS_ASSERTIONS = NO;
				ENABLE_STRICT_OBJC_MSGSEND = YES;
				ENABLE_USER_SCRIPT_SANDBOXING = YES;
				GCC_C_LANGUAGE_STANDARD = gnu17;
				GCC_NO_COMMON_BLOCKS = YES;
				GCC_WARN_64_TO_32_BIT_CONVERSION = YES;
				GCC_WARN_ABOUT_RETURN_TYPE = YES_ERROR;
				GCC_WARN_UNDECLARED_SELECTOR = YES;
				GCC_WARN_UNINITIALIZED_AUTOS = YES_AGGRESSIVE;
				GCC_WARN_UNUSED_FUNCTION = YES;
				GCC_WARN_UNUSED_VARIABLE = YES;
				IPHONEOS_DEPLOYMENT_TARGET = 16.0;
				LOCALIZATION_PREFERS_STRING_CATALOGS = YES;
				MTL_ENABLE_DEBUG_INFO = NO;
				MTL_FAST_MATH = YES;
				SDKROOT = iphoneos;
				SWIFT_COMPILATION_MODE = wholemodule;
				VALIDATE_PRODUCT = YES;
			};
			name = Release;
		};
		82C3592A2B9C371B009A3294 /* Debug */ = {
			isa = XCBuildConfiguration;
			buildSettings = {
				ASSETCATALOG_COMPILER_APPICON_NAME = AppIcon;
				ASSETCATALOG_COMPILER_GLOBAL_ACCENT_COLOR_NAME = AccentColor;
				CODE_SIGN_STYLE = Automatic;
				CURRENT_PROJECT_VERSION = 1;
				DEVELOPMENT_ASSET_PATHS = "\"Linkwarden/Preview Content\"";
				DEVELOPMENT_TEAM = 5D5M67MDQ8;
				ENABLE_PREVIEWS = YES;
				GENERATE_INFOPLIST_FILE = YES;
				INFOPLIST_KEY_CFBundleDisplayName = Linkwarden;
				INFOPLIST_KEY_LSApplicationCategoryType = "public.app-category.utilities";
				INFOPLIST_KEY_UIApplicationSceneManifest_Generation = YES;
				INFOPLIST_KEY_UIApplicationSupportsIndirectInputEvents = YES;
				INFOPLIST_KEY_UILaunchScreen_Generation = YES;
				INFOPLIST_KEY_UISupportedInterfaceOrientations = UIInterfaceOrientationPortrait;
				INFOPLIST_KEY_UISupportedInterfaceOrientations_iPad = "UIInterfaceOrientationLandscapeLeft UIInterfaceOrientationLandscapeRight UIInterfaceOrientationPortrait UIInterfaceOrientationPortraitUpsideDown";
				IPHONEOS_DEPLOYMENT_TARGET = 16.0;
				LD_RUNPATH_SEARCH_PATHS = (
					"$(inherited)",
					"@executable_path/Frameworks",
				);
				MARKETING_VERSION = 1.0;
				PRODUCT_BUNDLE_IDENTIFIER = com.zeyrie.Linkwarden;
				PRODUCT_NAME = "$(TARGET_NAME)";
				SWIFT_EMIT_LOC_STRINGS = YES;
				SWIFT_VERSION = 5.0;
				TARGETED_DEVICE_FAMILY = "1,2";
			};
			name = Debug;
		};
		82C3592B2B9C371B009A3294 /* Release */ = {
			isa = XCBuildConfiguration;
			buildSettings = {
				ASSETCATALOG_COMPILER_APPICON_NAME = AppIcon;
				ASSETCATALOG_COMPILER_GLOBAL_ACCENT_COLOR_NAME = AccentColor;
				CODE_SIGN_STYLE = Automatic;
				CURRENT_PROJECT_VERSION = 1;
				DEVELOPMENT_ASSET_PATHS = "\"Linkwarden/Preview Content\"";
				DEVELOPMENT_TEAM = 5D5M67MDQ8;
				ENABLE_PREVIEWS = YES;
				GENERATE_INFOPLIST_FILE = YES;
				INFOPLIST_KEY_CFBundleDisplayName = Linkwarden;
				INFOPLIST_KEY_LSApplicationCategoryType = "public.app-category.utilities";
				INFOPLIST_KEY_UIApplicationSceneManifest_Generation = YES;
				INFOPLIST_KEY_UIApplicationSupportsIndirectInputEvents = YES;
				INFOPLIST_KEY_UILaunchScreen_Generation = YES;
				INFOPLIST_KEY_UISupportedInterfaceOrientations = UIInterfaceOrientationPortrait;
				INFOPLIST_KEY_UISupportedInterfaceOrientations_iPad = "UIInterfaceOrientationLandscapeLeft UIInterfaceOrientationLandscapeRight UIInterfaceOrientationPortrait UIInterfaceOrientationPortraitUpsideDown";
				IPHONEOS_DEPLOYMENT_TARGET = 16.0;
				LD_RUNPATH_SEARCH_PATHS = (
					"$(inherited)",
					"@executable_path/Frameworks",
				);
				MARKETING_VERSION = 1.0;
				PRODUCT_BUNDLE_IDENTIFIER = com.zeyrie.Linkwarden;
				PRODUCT_NAME = "$(TARGET_NAME)";
				SWIFT_EMIT_LOC_STRINGS = YES;
				SWIFT_VERSION = 5.0;
				TARGETED_DEVICE_FAMILY = "1,2";
			};
			name = Release;
		};
/* End XCBuildConfiguration section */

/* Begin XCConfigurationList section */
		82C359162B9C371A009A3294 /* Build configuration list for PBXProject "Linkwarden" */ = {
			isa = XCConfigurationList;
			buildConfigurations = (
				82C359272B9C371B009A3294 /* Debug */,
				82C359282B9C371B009A3294 /* Release */,
			);
			defaultConfigurationIsVisible = 0;
			defaultConfigurationName = Release;
		};
		82C359292B9C371B009A3294 /* Build configuration list for PBXNativeTarget "Linkwarden" */ = {
			isa = XCConfigurationList;
			buildConfigurations = (
				82C3592A2B9C371B009A3294 /* Debug */,
				82C3592B2B9C371B009A3294 /* Release */,
			);
			defaultConfigurationIsVisible = 0;
			defaultConfigurationName = Release;
		};
/* End XCConfigurationList section */

/* Begin XCRemoteSwiftPackageReference section */
		824415082B9D262800E0C624 /* XCRemoteSwiftPackageReference "APIManager" */ = {
			isa = XCRemoteSwiftPackageReference;
			repositoryURL = "https://github.com/zeyrie/APIManager.git";
			requirement = {
				kind = upToNextMinorVersion;
				minimumVersion = 1.0.0;
			};
		};
/* End XCRemoteSwiftPackageReference section */

/* Begin XCSwiftPackageProductDependency section */
		824415092B9D262800E0C624 /* APIManager */ = {
			isa = XCSwiftPackageProductDependency;
			package = 824415082B9D262800E0C624 /* XCRemoteSwiftPackageReference "APIManager" */;
			productName = APIManager;
		};
/* End XCSwiftPackageProductDependency section */
	};
	rootObject = 82C359132B9C371A009A3294 /* Project object */;
}
