{
  "originHash" : "07e106ce71313fc7be65a9e43d5ffebf9eed5e9dd51e7fd0f8d0963fb7eda261",
  "pins" : [
    {
      "identity" : "apimanager",
      "kind" : "remoteSourceControl",
      "location" : "https://github.com/zeyrie/APIManager.git",
      "state" : {
        "revision" : "61634250e937976c5a27495c697074941ae1be19",
        "version" : "1.0.1"
      }
    }
  ],
  "version" : 3
}
