{
  "originHash" : "bda3919d8e645c5fed7c35bff55ec97a301784bdb01f02d65b0c8f89c458ea62",
  "pins" : [
    {
      "identity" : "apimanager",
      "kind" : "remoteSourceControl",
      "location" : "https://github.com/zeyrie/APIManager.git",
      "state" : {
        "revision" : "61634250e937976c5a27495c697074941ae1be19",
        "version" : "1.0.1"
      }
    },
    {
      "identity" : "toastmanager",
      "kind" : "remoteSourceControl",
      "location" : "https://github.com/zeyrie/ToastManager",
      "state" : {
        "branch" : "main",
        "revision" : "86cb61901e359d5a0ed9d466bd635ad3bf0e6a32"
      }
    }
  ],
  "version" : 3
}
